{
  "originHash" : "fb659bd362e42375422f2c8e3cf789d8df4a5e00326f0221a2ac8a9b6467d4db",
  "pins" : [
    {
      "identity" : "fffoundation",
      "kind" : "remoteSourceControl",
      "location" : "https://github.com/ffried/FFFoundation",
      "state" : {
        "revision" : "ec377fc3906f0b7cd9596ca608aaac3194b6ec98",
        "version" : "9.9.0"
      }
    },
    {
      "identity" : "swift-docc-plugin",
      "kind" : "remoteSourceControl",
      "location" : "https://github.com/swiftlang/swift-docc-plugin",
      "state" : {
        "revision" : "647c708be89f834fa6a6d4945442793a77ddf5b6",
        "version" : "1.5.0"
      }
    },
    {
      "identity" : "swift-docc-symbolkit",
      "kind" : "remoteSourceControl",
      "location" : "https://github.com/swiftlang/swift-docc-symbolkit",
      "state" : {
        "revision" : "b45d1f2ed151d057b54504d653e0da5552844e34",
        "version" : "1.0.0"
      }
    }
  ],
  "version" : 3
}
