{
  "originHash" : "618b6ad2259a7931ded65cef7bf5c398dfae973accce6256b2565216c3882f20",
  "pins" : [
    {
      "identity" : "fffoundation",
      "kind" : "remoteSourceControl",
      "location" : "https://github.com/ffried/FFFoundation.git",
      "state" : {
        "revision" : "ff2c8aa6644bcc4a70ec7156a5f49cfacc95601c",
        "version" : "9.8.0"
      }
    },
    {
      "identity" : "swift-docc-plugin",
      "kind" : "remoteSourceControl",
      "location" : "https://github.com/swiftlang/swift-docc-plugin",
      "state" : {
        "revision" : "e977f65879f82b375a044c8837597f690c067da6",
        "version" : "1.4.6"
      }
    },
    {
      "identity" : "swift-docc-symbolkit",
      "kind" : "remoteSourceControl",
      "location" : "https://github.com/swiftlang/swift-docc-symbolkit",
      "state" : {
        "revision" : "b45d1f2ed151d057b54504d653e0da5552844e34",
        "version" : "1.0.0"
      }
    }
  ],
  "version" : 3
}
