{
  "pins" : [
    {
      "identity" : "fffoundation",
      "kind" : "remoteSourceControl",
      "location" : "https://github.com/ffried/FFFoundation.git",
      "state" : {
        "revision" : "ccc1998e5bfb75d20eb51d120765d334459baba4",
        "version" : "9.5.0"
      }
    }
  ],
  "version" : 2
}
