// !$*UTF8*$!
{
	archiveVersion = 1;
	classes = {
	};
	objectVersion = 51;
	objects = {

/* Begin PBXBuildFile section */
		0714084F1E7FF504004318C9 /* FFCoreData.framework in Frameworks */ = {isa = PBXBuildFile; fileRef = 071408461E7FF504004318C9 /* FFCoreData.framework */; };
		0799DB45234F1CB70075314E /* CoreDataDecodableTests.swift in Sources */ = {isa = PBXBuildFile; fileRef = 0799DB3D234F1CB70075314E /* CoreDataDecodableTests.swift */; };
		0799DB48234F1CB70075314E /* TestModel.xcdatamodeld in Sources */ = {isa = PBXBuildFile; fileRef = 0799DB41234F1CB70075314E /* TestModel.xcdatamodeld */; };
		0799DB4A234F1CB70075314E /* FFCoreDataTests.swift in Sources */ = {isa = PBXBuildFile; fileRef = 0799DB44234F1CB70075314E /* FFCoreDataTests.swift */; };
		0799DB68234F1CBF0075314E /* Logging.swift in Sources */ = {isa = PBXBuildFile; fileRef = 0799DB4C234F1CBF0075314E /* Logging.swift */; };
		0799DB69234F1CBF0075314E /* NSManagedObject+FindAndOrCreate.swift in Sources */ = {isa = PBXBuildFile; fileRef = 0799DB4E234F1CBF0075314E /* NSManagedObject+FindAndOrCreate.swift */; };
		0799DB6A234F1CBF0075314E /* CoreDataDecodable.swift in Sources */ = {isa = PBXBuildFile; fileRef = 0799DB4F234F1CBF0075314E /* CoreDataDecodable.swift */; };
		0799DB6B234F1CBF0075314E /* CollectionViewDataSource.swift in Sources */ = {isa = PBXBuildFile; fileRef = 0799DB52234F1CBF0075314E /* CollectionViewDataSource.swift */; };
		0799DB6C234F1CBF0075314E /* TableViewDataSource.swift in Sources */ = {isa = PBXBuildFile; fileRef = 0799DB53234F1CBF0075314E /* TableViewDataSource.swift */; };
		0799DB6D234F1CBF0075314E /* CollectionViewFetchedResultsControllerDelegate.swift in Sources */ = {isa = PBXBuildFile; fileRef = 0799DB55234F1CBF0075314E /* CollectionViewFetchedResultsControllerDelegate.swift */; };
		0799DB6E234F1CBF0075314E /* TableViewFetchedResultsControllerDelegate.swift in Sources */ = {isa = PBXBuildFile; fileRef = 0799DB56234F1CBF0075314E /* TableViewFetchedResultsControllerDelegate.swift */; };
		0799DB6F234F1CBF0075314E /* UIKitFetchedResultsControllerDelegate.swift in Sources */ = {isa = PBXBuildFile; fileRef = 0799DB57234F1CBF0075314E /* UIKitFetchedResultsControllerDelegate.swift */; };
		0799DB70234F1CBF0075314E /* CoreDataManager.swift in Sources */ = {isa = PBXBuildFile; fileRef = 0799DB59234F1CBF0075314E /* CoreDataManager.swift */; };
		0799DB72234F1CBF0075314E /* FFCoreData.h in Headers */ = {isa = PBXBuildFile; fileRef = 0799DB5C234F1CBF0075314E /* FFCoreData.h */; settings = {ATTRIBUTES = (Public, ); }; };
		0799DB74234F1CBF0075314E /* SwiftSupport.swift in Sources */ = {isa = PBXBuildFile; fileRef = 0799DB5E234F1CBF0075314E /* SwiftSupport.swift */; };
		0799DB75234F1CBF0075314E /* NSFetchedResultsPublisher.swift in Sources */ = {isa = PBXBuildFile; fileRef = 0799DB60234F1CBF0075314E /* NSFetchedResultsPublisher.swift */; };
		0799DB76234F1CBF0075314E /* FetchedResulsControllerDelegate.swift in Sources */ = {isa = PBXBuildFile; fileRef = 0799DB61234F1CBF0075314E /* FetchedResulsControllerDelegate.swift */; };
		0799DB77234F1CBF0075314E /* MOCObserver.swift in Sources */ = {isa = PBXBuildFile; fileRef = 0799DB63234F1CBF0075314E /* MOCObserver.swift */; };
		0799DB78234F1CBF0075314E /* MOCEntitiesFilter.swift in Sources */ = {isa = PBXBuildFile; fileRef = 0799DB64234F1CBF0075314E /* MOCEntitiesFilter.swift */; };
		0799DB79234F1CBF0075314E /* MOCChangePublisher.swift in Sources */ = {isa = PBXBuildFile; fileRef = 0799DB65234F1CBF0075314E /* MOCChangePublisher.swift */; };
		0799DB7A234F1CBF0075314E /* MOCObjectsObserver.swift in Sources */ = {isa = PBXBuildFile; fileRef = 0799DB66234F1CBF0075314E /* MOCObjectsObserver.swift */; };
		0799DB7B234F1CBF0075314E /* MOCBlockObservers.swift in Sources */ = {isa = PBXBuildFile; fileRef = 0799DB67234F1CBF0075314E /* MOCBlockObservers.swift */; };
		0799DB89234F29E70075314E /* DecodableEntity+CoreDataClass.swift in Sources */ = {isa = PBXBuildFile; fileRef = 0799DB85234F29E70075314E /* DecodableEntity+CoreDataClass.swift */; };
		0799DB8A234F29E70075314E /* DecodableEntity+CoreDataProperties.swift in Sources */ = {isa = PBXBuildFile; fileRef = 0799DB86234F29E70075314E /* DecodableEntity+CoreDataProperties.swift */; };
		0799DB8B234F29E70075314E /* TestEntity+CoreDataClass.swift in Sources */ = {isa = PBXBuildFile; fileRef = 0799DB87234F29E70075314E /* TestEntity+CoreDataClass.swift */; };
		0799DB8C234F29E70075314E /* TestEntity+CoreDataProperties.swift in Sources */ = {isa = PBXBuildFile; fileRef = 0799DB88234F29E70075314E /* TestEntity+CoreDataProperties.swift */; };
		0799DB8F234F3D2E0075314E /* TestConfiguration.swift in Sources */ = {isa = PBXBuildFile; fileRef = 0799DB8E234F3D2E0075314E /* TestConfiguration.swift */; };
		07F2F4981FB049700064559C /* FFFoundation.framework in Frameworks */ = {isa = PBXBuildFile; fileRef = 07F2F4991FB049700064559C /* FFFoundation.framework */; };
/* End PBXBuildFile section */

/* Begin PBXContainerItemProxy section */
		071408501E7FF504004318C9 /* PBXContainerItemProxy */ = {
			isa = PBXContainerItemProxy;
			containerPortal = 07876A0D19D41E7000F21E7D /* Project object */;
			proxyType = 1;
			remoteGlobalIDString = 071408451E7FF504004318C9;
			remoteInfo = FFCoreData;
		};
/* End PBXContainerItemProxy section */

/* Begin PBXFileReference section */
		071408461E7FF504004318C9 /* FFCoreData.framework */ = {isa = PBXFileReference; explicitFileType = wrapper.framework; includeInIndex = 0; path = FFCoreData.framework; sourceTree = BUILT_PRODUCTS_DIR; };
		0714084E1E7FF504004318C9 /* FFCoreDataTests.xctest */ = {isa = PBXFileReference; explicitFileType = wrapper.cfbundle; includeInIndex = 0; path = FFCoreDataTests.xctest; sourceTree = BUILT_PRODUCTS_DIR; };
		0799DB3D234F1CB70075314E /* CoreDataDecodableTests.swift */ = {isa = PBXFileReference; fileEncoding = 4; lastKnownFileType = sourcecode.swift; path = CoreDataDecodableTests.swift; sourceTree = "<group>"; };
		0799DB42234F1CB70075314E /* TestModel.xcdatamodel */ = {isa = PBXFileReference; lastKnownFileType = wrapper.xcdatamodel; path = TestModel.xcdatamodel; sourceTree = "<group>"; };
		0799DB43234F1CB70075314E /* Info.plist */ = {isa = PBXFileReference; fileEncoding = 4; lastKnownFileType = text.plist.xml; path = Info.plist; sourceTree = "<group>"; };
		0799DB44234F1CB70075314E /* FFCoreDataTests.swift */ = {isa = PBXFileReference; fileEncoding = 4; lastKnownFileType = sourcecode.swift; path = FFCoreDataTests.swift; sourceTree = "<group>"; };
		0799DB4C234F1CBF0075314E /* Logging.swift */ = {isa = PBXFileReference; fileEncoding = 4; lastKnownFileType = sourcecode.swift; path = Logging.swift; sourceTree = "<group>"; };
		0799DB4E234F1CBF0075314E /* NSManagedObject+FindAndOrCreate.swift */ = {isa = PBXFileReference; fileEncoding = 4; lastKnownFileType = sourcecode.swift; path = "NSManagedObject+FindAndOrCreate.swift"; sourceTree = "<group>"; };
		0799DB4F234F1CBF0075314E /* CoreDataDecodable.swift */ = {isa = PBXFileReference; fileEncoding = 4; lastKnownFileType = sourcecode.swift; path = CoreDataDecodable.swift; sourceTree = "<group>"; };
		0799DB52234F1CBF0075314E /* CollectionViewDataSource.swift */ = {isa = PBXFileReference; fileEncoding = 4; lastKnownFileType = sourcecode.swift; path = CollectionViewDataSource.swift; sourceTree = "<group>"; };
		0799DB53234F1CBF0075314E /* TableViewDataSource.swift */ = {isa = PBXFileReference; fileEncoding = 4; lastKnownFileType = sourcecode.swift; path = TableViewDataSource.swift; sourceTree = "<group>"; };
		0799DB55234F1CBF0075314E /* CollectionViewFetchedResultsControllerDelegate.swift */ = {isa = PBXFileReference; fileEncoding = 4; lastKnownFileType = sourcecode.swift; path = CollectionViewFetchedResultsControllerDelegate.swift; sourceTree = "<group>"; };
		0799DB56234F1CBF0075314E /* TableViewFetchedResultsControllerDelegate.swift */ = {isa = PBXFileReference; fileEncoding = 4; lastKnownFileType = sourcecode.swift; path = TableViewFetchedResultsControllerDelegate.swift; sourceTree = "<group>"; };
		0799DB57234F1CBF0075314E /* UIKitFetchedResultsControllerDelegate.swift */ = {isa = PBXFileReference; fileEncoding = 4; lastKnownFileType = sourcecode.swift; path = UIKitFetchedResultsControllerDelegate.swift; sourceTree = "<group>"; };
		0799DB59234F1CBF0075314E /* CoreDataManager.swift */ = {isa = PBXFileReference; fileEncoding = 4; lastKnownFileType = sourcecode.swift; path = CoreDataManager.swift; sourceTree = "<group>"; };
		0799DB5C234F1CBF0075314E /* FFCoreData.h */ = {isa = PBXFileReference; fileEncoding = 4; lastKnownFileType = sourcecode.c.h; path = FFCoreData.h; sourceTree = "<group>"; };
		0799DB5D234F1CBF0075314E /* Info.plist */ = {isa = PBXFileReference; fileEncoding = 4; lastKnownFileType = text.plist.xml; path = Info.plist; sourceTree = "<group>"; };
		0799DB5E234F1CBF0075314E /* SwiftSupport.swift */ = {isa = PBXFileReference; fileEncoding = 4; lastKnownFileType = sourcecode.swift; path = SwiftSupport.swift; sourceTree = "<group>"; };
		0799DB60234F1CBF0075314E /* NSFetchedResultsPublisher.swift */ = {isa = PBXFileReference; fileEncoding = 4; lastKnownFileType = sourcecode.swift; path = NSFetchedResultsPublisher.swift; sourceTree = "<group>"; };
		0799DB61234F1CBF0075314E /* FetchedResulsControllerDelegate.swift */ = {isa = PBXFileReference; fileEncoding = 4; lastKnownFileType = sourcecode.swift; path = FetchedResulsControllerDelegate.swift; sourceTree = "<group>"; };
		0799DB63234F1CBF0075314E /* MOCObserver.swift */ = {isa = PBXFileReference; fileEncoding = 4; lastKnownFileType = sourcecode.swift; path = MOCObserver.swift; sourceTree = "<group>"; };
		0799DB64234F1CBF0075314E /* MOCEntitiesFilter.swift */ = {isa = PBXFileReference; fileEncoding = 4; lastKnownFileType = sourcecode.swift; path = MOCEntitiesFilter.swift; sourceTree = "<group>"; };
		0799DB65234F1CBF0075314E /* MOCChangePublisher.swift */ = {isa = PBXFileReference; fileEncoding = 4; lastKnownFileType = sourcecode.swift; path = MOCChangePublisher.swift; sourceTree = "<group>"; };
		0799DB66234F1CBF0075314E /* MOCObjectsObserver.swift */ = {isa = PBXFileReference; fileEncoding = 4; lastKnownFileType = sourcecode.swift; path = MOCObjectsObserver.swift; sourceTree = "<group>"; };
		0799DB67234F1CBF0075314E /* MOCBlockObservers.swift */ = {isa = PBXFileReference; fileEncoding = 4; lastKnownFileType = sourcecode.swift; path = MOCBlockObservers.swift; sourceTree = "<group>"; };
		0799DB85234F29E70075314E /* DecodableEntity+CoreDataClass.swift */ = {isa = PBXFileReference; lastKnownFileType = sourcecode.swift; path = "DecodableEntity+CoreDataClass.swift"; sourceTree = "<group>"; };
		0799DB86234F29E70075314E /* DecodableEntity+CoreDataProperties.swift */ = {isa = PBXFileReference; lastKnownFileType = sourcecode.swift; path = "DecodableEntity+CoreDataProperties.swift"; sourceTree = "<group>"; };
		0799DB87234F29E70075314E /* TestEntity+CoreDataClass.swift */ = {isa = PBXFileReference; lastKnownFileType = sourcecode.swift; path = "TestEntity+CoreDataClass.swift"; sourceTree = "<group>"; };
		0799DB88234F29E70075314E /* TestEntity+CoreDataProperties.swift */ = {isa = PBXFileReference; lastKnownFileType = sourcecode.swift; path = "TestEntity+CoreDataProperties.swift"; sourceTree = "<group>"; };
		0799DB8E234F3D2E0075314E /* TestConfiguration.swift */ = {isa = PBXFileReference; fileEncoding = 4; lastKnownFileType = sourcecode.swift; path = TestConfiguration.swift; sourceTree = "<group>"; };
		07F2F4991FB049700064559C /* FFFoundation.framework */ = {isa = PBXFileReference; explicitFileType = wrapper.framework; path = FFFoundation.framework; sourceTree = BUILT_PRODUCTS_DIR; };
/* End PBXFileReference section */

/* Begin PBXFrameworksBuildPhase section */
		071408421E7FF504004318C9 /* Frameworks */ = {
			isa = PBXFrameworksBuildPhase;
			buildActionMask = 2147483647;
			files = (
				07F2F4981FB049700064559C /* FFFoundation.framework in Frameworks */,
			);
			runOnlyForDeploymentPostprocessing = 0;
		};
		0714084B1E7FF504004318C9 /* Frameworks */ = {
			isa = PBXFrameworksBuildPhase;
			buildActionMask = 2147483647;
			files = (
				0714084F1E7FF504004318C9 /* FFCoreData.framework in Frameworks */,
			);
			runOnlyForDeploymentPostprocessing = 0;
		};
/* End PBXFrameworksBuildPhase section */

/* Begin PBXGroup section */
		07876A0C19D41E7000F21E7D = {
			isa = PBXGroup;
			children = (
				0799DB4B234F1CBF0075314E /* FFCoreData */,
				0799DB3C234F1CB70075314E /* FFCoreDataTests */,
				07F2F4641FB03E5C0064559C /* Frameworks */,
				07876A1719D41E7000F21E7D /* Products */,
			);
			sourceTree = "<group>";
		};
		07876A1719D41E7000F21E7D /* Products */ = {
			isa = PBXGroup;
			children = (
				071408461E7FF504004318C9 /* FFCoreData.framework */,
				0714084E1E7FF504004318C9 /* FFCoreDataTests.xctest */,
			);
			name = Products;
			sourceTree = "<group>";
		};
		0799DB3C234F1CB70075314E /* FFCoreDataTests */ = {
			isa = PBXGroup;
			children = (
				0799DB7C234F28EA0075314E /* Models */,
				0799DB3D234F1CB70075314E /* CoreDataDecodableTests.swift */,
				0799DB44234F1CB70075314E /* FFCoreDataTests.swift */,
				0799DB40234F1CB70075314E /* Supporting Files */,
			);
			name = FFCoreDataTests;
			path = ../Tests/FFCoreDataTests;
			sourceTree = "<group>";
		};
		0799DB40234F1CB70075314E /* Supporting Files */ = {
			isa = PBXGroup;
			children = (
				0799DB43234F1CB70075314E /* Info.plist */,
			);
			path = "Supporting Files";
			sourceTree = "<group>";
		};
		0799DB4B234F1CBF0075314E /* FFCoreData */ = {
			isa = PBXGroup;
			children = (
				0799DB58234F1CBF0075314E /* CoreDataManager */,
				0799DB62234F1CBF0075314E /* ManagedObjectContext Observer */,
				0799DB5F234F1CBF0075314E /* NSFetchedResultsController */,
				0799DB4D234F1CBF0075314E /* NSManagedObject */,
				0799DB50234F1CBF0075314E /* UIKit */,
				0799DB4C234F1CBF0075314E /* Logging.swift */,
				0799DB5E234F1CBF0075314E /* SwiftSupport.swift */,
				0799DB5B234F1CBF0075314E /* Supporting Files */,
			);
			name = FFCoreData;
			path = ../Sources/FFCoreData;
			sourceTree = "<group>";
		};
		0799DB4D234F1CBF0075314E /* NSManagedObject */ = {
			isa = PBXGroup;
			children = (
				0799DB4E234F1CBF0075314E /* NSManagedObject+FindAndOrCreate.swift */,
				0799DB4F234F1CBF0075314E /* CoreDataDecodable.swift */,
			);
			path = NSManagedObject;
			sourceTree = "<group>";
		};
		0799DB50234F1CBF0075314E /* UIKit */ = {
			isa = PBXGroup;
			children = (
				0799DB51234F1CBF0075314E /* DataSources */,
				0799DB54234F1CBF0075314E /* Delegates */,
			);
			path = UIKit;
			sourceTree = "<group>";
		};
		0799DB51234F1CBF0075314E /* DataSources */ = {
			isa = PBXGroup;
			children = (
				0799DB52234F1CBF0075314E /* CollectionViewDataSource.swift */,
				0799DB53234F1CBF0075314E /* TableViewDataSource.swift */,
			);
			path = DataSources;
			sourceTree = "<group>";
		};
		0799DB54234F1CBF0075314E /* Delegates */ = {
			isa = PBXGroup;
			children = (
				0799DB55234F1CBF0075314E /* CollectionViewFetchedResultsControllerDelegate.swift */,
				0799DB56234F1CBF0075314E /* TableViewFetchedResultsControllerDelegate.swift */,
				0799DB57234F1CBF0075314E /* UIKitFetchedResultsControllerDelegate.swift */,
			);
			path = Delegates;
			sourceTree = "<group>";
		};
		0799DB58234F1CBF0075314E /* CoreDataManager */ = {
			isa = PBXGroup;
			children = (
				0799DB59234F1CBF0075314E /* CoreDataManager.swift */,
			);
			path = CoreDataManager;
			sourceTree = "<group>";
		};
		0799DB5B234F1CBF0075314E /* Supporting Files */ = {
			isa = PBXGroup;
			children = (
				0799DB5C234F1CBF0075314E /* FFCoreData.h */,
				0799DB5D234F1CBF0075314E /* Info.plist */,
			);
			path = "Supporting Files";
			sourceTree = "<group>";
		};
		0799DB5F234F1CBF0075314E /* NSFetchedResultsController */ = {
			isa = PBXGroup;
			children = (
				0799DB60234F1CBF0075314E /* NSFetchedResultsPublisher.swift */,
				0799DB61234F1CBF0075314E /* FetchedResulsControllerDelegate.swift */,
			);
			path = NSFetchedResultsController;
			sourceTree = "<group>";
		};
		0799DB62234F1CBF0075314E /* ManagedObjectContext Observer */ = {
			isa = PBXGroup;
			children = (
				0799DB63234F1CBF0075314E /* MOCObserver.swift */,
				0799DB64234F1CBF0075314E /* MOCEntitiesFilter.swift */,
				0799DB65234F1CBF0075314E /* MOCChangePublisher.swift */,
				0799DB66234F1CBF0075314E /* MOCObjectsObserver.swift */,
				0799DB67234F1CBF0075314E /* MOCBlockObservers.swift */,
			);
			path = "ManagedObjectContext Observer";
			sourceTree = "<group>";
		};
		0799DB7C234F28EA0075314E /* Models */ = {
			isa = PBXGroup;
			children = (
				0799DB8D234F3CE80075314E /* CoreData */,
				0799DB41234F1CB70075314E /* TestModel.xcdatamodeld */,
				0799DB8E234F3D2E0075314E /* TestConfiguration.swift */,
			);
			path = Models;
			sourceTree = "<group>";
		};
		0799DB8D234F3CE80075314E /* CoreData */ = {
			isa = PBXGroup;
			children = (
				0799DB85234F29E70075314E /* DecodableEntity+CoreDataClass.swift */,
				0799DB86234F29E70075314E /* DecodableEntity+CoreDataProperties.swift */,
				0799DB87234F29E70075314E /* TestEntity+CoreDataClass.swift */,
				0799DB88234F29E70075314E /* TestEntity+CoreDataProperties.swift */,
			);
			path = CoreData;
			sourceTree = "<group>";
		};
		07F2F4641FB03E5C0064559C /* Frameworks */ = {
			isa = PBXGroup;
			children = (
				07F2F4991FB049700064559C /* FFFoundation.framework */,
			);
			name = Frameworks;
			sourceTree = "<group>";
		};
/* End PBXGroup section */

/* Begin PBXHeadersBuildPhase section */
		071408431E7FF504004318C9 /* Headers */ = {
			isa = PBXHeadersBuildPhase;
			buildActionMask = 2147483647;
			files = (
				0799DB72234F1CBF0075314E /* FFCoreData.h in Headers */,
			);
			runOnlyForDeploymentPostprocessing = 0;
		};
/* End PBXHeadersBuildPhase section */

/* Begin PBXNativeTarget section */
		071408451E7FF504004318C9 /* FFCoreData */ = {
			isa = PBXNativeTarget;
			buildConfigurationList = 071408571E7FF504004318C9 /* Build configuration list for PBXNativeTarget "FFCoreData" */;
			buildPhases = (
				071408411E7FF504004318C9 /* Sources */,
				071408421E7FF504004318C9 /* Frameworks */,
				071408431E7FF504004318C9 /* Headers */,
				071408441E7FF504004318C9 /* Resources */,
			);
			buildRules = (
			);
			dependencies = (
			);
			name = FFCoreData;
			productName = FFCoreData;
			productReference = 071408461E7FF504004318C9 /* FFCoreData.framework */;
			productType = "com.apple.product-type.framework";
		};
		0714084D1E7FF504004318C9 /* FFCoreDataTests */ = {
			isa = PBXNativeTarget;
			buildConfigurationList = 0714085A1E7FF504004318C9 /* Build configuration list for PBXNativeTarget "FFCoreDataTests" */;
			buildPhases = (
				0714084A1E7FF504004318C9 /* Sources */,
				0714084B1E7FF504004318C9 /* Frameworks */,
				0714084C1E7FF504004318C9 /* Resources */,
			);
			buildRules = (
			);
			dependencies = (
				071408511E7FF504004318C9 /* PBXTargetDependency */,
			);
			name = FFCoreDataTests;
			productName = FFCoreDataTests;
			productReference = 0714084E1E7FF504004318C9 /* FFCoreDataTests.xctest */;
			productType = "com.apple.product-type.bundle.unit-test";
		};
/* End PBXNativeTarget section */

/* Begin PBXProject section */
		07876A0D19D41E7000F21E7D /* Project object */ = {
			isa = PBXProject;
			attributes = {
				CLASSPREFIX = FF;
				LastSwiftUpdateCheck = 0820;
				LastUpgradeCheck = 1020;
				ORGANIZATIONNAME = "Florian Friedrich";
				TargetAttributes = {
					071408451E7FF504004318C9 = {
						CreatedOnToolsVersion = 8.2.1;
						ProvisioningStyle = Automatic;
					};
					0714084D1E7FF504004318C9 = {
						CreatedOnToolsVersion = 8.2.1;
						ProvisioningStyle = Automatic;
					};
				};
			};
			buildConfigurationList = 07876A1019D41E7000F21E7D /* Build configuration list for PBXProject "FFCoreData" */;
			compatibilityVersion = "Xcode 10.0";
			developmentRegion = en;
			hasScannedForEncodings = 0;
			knownRegions = (
				en,
				Base,
			);
			mainGroup = 07876A0C19D41E7000F21E7D;
			productRefGroup = 07876A1719D41E7000F21E7D /* Products */;
			projectDirPath = "";
			projectRoot = "";
			targets = (
				071408451E7FF504004318C9 /* FFCoreData */,
				0714084D1E7FF504004318C9 /* FFCoreDataTests */,
			);
		};
/* End PBXProject section */

/* Begin PBXResourcesBuildPhase section */
		071408441E7FF504004318C9 /* Resources */ = {
			isa = PBXResourcesBuildPhase;
			buildActionMask = 2147483647;
			files = (
			);
			runOnlyForDeploymentPostprocessing = 0;
		};
		0714084C1E7FF504004318C9 /* Resources */ = {
			isa = PBXResourcesBuildPhase;
			buildActionMask = 2147483647;
			files = (
			);
			runOnlyForDeploymentPostprocessing = 0;
		};
/* End PBXResourcesBuildPhase section */

/* Begin PBXSourcesBuildPhase section */
		071408411E7FF504004318C9 /* Sources */ = {
			isa = PBXSourcesBuildPhase;
			buildActionMask = 2147483647;
			files = (
				0799DB78234F1CBF0075314E /* MOCEntitiesFilter.swift in Sources */,
				0799DB6F234F1CBF0075314E /* UIKitFetchedResultsControllerDelegate.swift in Sources */,
				0799DB6E234F1CBF0075314E /* TableViewFetchedResultsControllerDelegate.swift in Sources */,
				0799DB76234F1CBF0075314E /* FetchedResulsControllerDelegate.swift in Sources */,
				0799DB6D234F1CBF0075314E /* CollectionViewFetchedResultsControllerDelegate.swift in Sources */,
				0799DB79234F1CBF0075314E /* MOCChangePublisher.swift in Sources */,
				0799DB7A234F1CBF0075314E /* MOCObjectsObserver.swift in Sources */,
				0799DB77234F1CBF0075314E /* MOCObserver.swift in Sources */,
				0799DB68234F1CBF0075314E /* Logging.swift in Sources */,
				0799DB6C234F1CBF0075314E /* TableViewDataSource.swift in Sources */,
				0799DB7B234F1CBF0075314E /* MOCBlockObservers.swift in Sources */,
				0799DB6A234F1CBF0075314E /* CoreDataDecodable.swift in Sources */,
				0799DB70234F1CBF0075314E /* CoreDataManager.swift in Sources */,
				0799DB74234F1CBF0075314E /* SwiftSupport.swift in Sources */,
				0799DB69234F1CBF0075314E /* NSManagedObject+FindAndOrCreate.swift in Sources */,
				0799DB75234F1CBF0075314E /* NSFetchedResultsPublisher.swift in Sources */,
				0799DB6B234F1CBF0075314E /* CollectionViewDataSource.swift in Sources */,
			);
			runOnlyForDeploymentPostprocessing = 0;
		};
		0714084A1E7FF504004318C9 /* Sources */ = {
			isa = PBXSourcesBuildPhase;
			buildActionMask = 2147483647;
			files = (
				0799DB8A234F29E70075314E /* DecodableEntity+CoreDataProperties.swift in Sources */,
				0799DB45234F1CB70075314E /* CoreDataDecodableTests.swift in Sources */,
				0799DB8F234F3D2E0075314E /* TestConfiguration.swift in Sources */,
				0799DB89234F29E70075314E /* DecodableEntity+CoreDataClass.swift in Sources */,
				0799DB8B234F29E70075314E /* TestEntity+CoreDataClass.swift in Sources */,
				0799DB48234F1CB70075314E /* TestModel.xcdatamodeld in Sources */,
				0799DB8C234F29E70075314E /* TestEntity+CoreDataProperties.swift in Sources */,
				0799DB4A234F1CB70075314E /* FFCoreDataTests.swift in Sources */,
			);
			runOnlyForDeploymentPostprocessing = 0;
		};
/* End PBXSourcesBuildPhase section */

/* Begin PBXTargetDependency section */
		071408511E7FF504004318C9 /* PBXTargetDependency */ = {
			isa = PBXTargetDependency;
			target = 071408451E7FF504004318C9 /* FFCoreData */;
			targetProxy = 071408501E7FF504004318C9 /* PBXContainerItemProxy */;
		};
/* End PBXTargetDependency section */

/* Begin XCBuildConfiguration section */
		071408581E7FF504004318C9 /* Debug */ = {
			isa = XCBuildConfiguration;
			buildSettings = {
				APPLICATION_EXTENSION_API_ONLY = YES;
				CLANG_ANALYZER_NONNULL = YES;
				CLANG_WARN_DOCUMENTATION_COMMENTS = YES;
				CURRENT_PROJECT_VERSION = 1;
				DEBUG_INFORMATION_FORMAT = dwarf;
				DEFINES_MODULE = YES;
				DYLIB_COMPATIBILITY_VERSION = 1;
				DYLIB_CURRENT_VERSION = 1;
				DYLIB_INSTALL_NAME_BASE = "@rpath";
				INFOPLIST_FILE = "../Sources/$(TARGET_NAME)/Supporting Files/Info.plist";
				INSTALL_PATH = "$(LOCAL_LIBRARY_DIR)/Frameworks";
				LD_RUNPATH_SEARCH_PATHS = (
					"$(inherited)",
					"@executable_path/Frameworks",
					"@loader_path/Frameworks",
				);
				MARKETING_VERSION = 5.0.1;
				PRODUCT_BUNDLE_IDENTIFIER = net.ffried.FFCoreData;
				PRODUCT_NAME = "$(TARGET_NAME)";
				SDKROOT = iphoneos;
				SKIP_INSTALL = YES;
			};
			name = Debug;
		};
		071408591E7FF504004318C9 /* Release */ = {
			isa = XCBuildConfiguration;
			buildSettings = {
				APPLICATION_EXTENSION_API_ONLY = YES;
				CLANG_ANALYZER_NONNULL = YES;
				CLANG_WARN_DOCUMENTATION_COMMENTS = YES;
				CURRENT_PROJECT_VERSION = 1;
				DEBUG_INFORMATION_FORMAT = "dwarf-with-dsym";
				DEFINES_MODULE = YES;
				DYLIB_COMPATIBILITY_VERSION = 1;
				DYLIB_CURRENT_VERSION = 1;
				DYLIB_INSTALL_NAME_BASE = "@rpath";
				INFOPLIST_FILE = "../Sources/$(TARGET_NAME)/Supporting Files/Info.plist";
				INSTALL_PATH = "$(LOCAL_LIBRARY_DIR)/Frameworks";
				LD_RUNPATH_SEARCH_PATHS = (
					"$(inherited)",
					"@executable_path/Frameworks",
					"@loader_path/Frameworks",
				);
				MARKETING_VERSION = 5.0.1;
				PRODUCT_BUNDLE_IDENTIFIER = net.ffried.FFCoreData;
				PRODUCT_NAME = "$(TARGET_NAME)";
				SDKROOT = iphoneos;
				SKIP_INSTALL = YES;
			};
			name = Release;
		};
		0714085B1E7FF504004318C9 /* Debug */ = {
			isa = XCBuildConfiguration;
			buildSettings = {
				ALWAYS_EMBED_SWIFT_STANDARD_LIBRARIES = YES;
				CLANG_ANALYZER_NONNULL = YES;
				CLANG_WARN_DOCUMENTATION_COMMENTS = YES;
				DEBUG_INFORMATION_FORMAT = dwarf;
				INFOPLIST_FILE = "../Tests/$(TARGET_NAME)/Supporting Files/Info.plist";
				LD_RUNPATH_SEARCH_PATHS = (
					"$(inherited)",
					"@executable_path/Frameworks",
					"@loader_path/Frameworks",
				);
				PRODUCT_BUNDLE_IDENTIFIER = net.ffried.FFCoreDataTests;
				PRODUCT_NAME = "$(TARGET_NAME)";
				SDKROOT = iphoneos;
			};
			name = Debug;
		};
		0714085C1E7FF504004318C9 /* Release */ = {
			isa = XCBuildConfiguration;
			buildSettings = {
				ALWAYS_EMBED_SWIFT_STANDARD_LIBRARIES = YES;
				CLANG_ANALYZER_NONNULL = YES;
				CLANG_WARN_DOCUMENTATION_COMMENTS = YES;
				DEBUG_INFORMATION_FORMAT = "dwarf-with-dsym";
				INFOPLIST_FILE = "../Tests/$(TARGET_NAME)/Supporting Files/Info.plist";
				LD_RUNPATH_SEARCH_PATHS = (
					"$(inherited)",
					"@executable_path/Frameworks",
					"@loader_path/Frameworks",
				);
				PRODUCT_BUNDLE_IDENTIFIER = net.ffried.FFCoreDataTests;
				PRODUCT_NAME = "$(TARGET_NAME)";
				SDKROOT = iphoneos;
			};
			name = Release;
		};
		07876A2719D41E7000F21E7D /* Debug */ = {
			isa = XCBuildConfiguration;
			buildSettings = {
				ALWAYS_SEARCH_USER_PATHS = NO;
				CLANG_ANALYZER_LOCALIZABILITY_NONLOCALIZED = YES;
				CLANG_ENABLE_MODULES = YES;
				CLANG_ENABLE_OBJC_ARC = YES;
				CLANG_WARN_BLOCK_CAPTURE_AUTORELEASING = YES;
				CLANG_WARN_BOOL_CONVERSION = YES;
				CLANG_WARN_COMMA = YES;
				CLANG_WARN_CONSTANT_CONVERSION = YES;
				CLANG_WARN_DEPRECATED_OBJC_IMPLEMENTATIONS = YES;
				CLANG_WARN_DIRECT_OBJC_ISA_USAGE = YES_ERROR;
				CLANG_WARN_EMPTY_BODY = YES;
				CLANG_WARN_ENUM_CONVERSION = YES;
				CLANG_WARN_INFINITE_RECURSION = YES;
				CLANG_WARN_INT_CONVERSION = YES;
				CLANG_WARN_NON_LITERAL_NULL_CONVERSION = YES;
				CLANG_WARN_OBJC_IMPLICIT_RETAIN_SELF = YES;
				CLANG_WARN_OBJC_LITERAL_CONVERSION = YES;
				CLANG_WARN_OBJC_ROOT_CLASS = YES_ERROR;
				CLANG_WARN_RANGE_LOOP_ANALYSIS = YES;
				CLANG_WARN_STRICT_PROTOTYPES = YES;
				CLANG_WARN_SUSPICIOUS_MOVE = YES;
				CLANG_WARN_UNREACHABLE_CODE = YES;
				CLANG_WARN__DUPLICATE_METHOD_MATCH = YES;
				COPY_PHASE_STRIP = NO;
				CURRENT_PROJECT_VERSION = 1;
				ENABLE_STRICT_OBJC_MSGSEND = YES;
				ENABLE_TESTABILITY = YES;
				GCC_DYNAMIC_NO_PIC = NO;
				GCC_NO_COMMON_BLOCKS = YES;
				GCC_OPTIMIZATION_LEVEL = 0;
				GCC_PREPROCESSOR_DEFINITIONS = (
					"DEBUG=1",
					"$(inherited)",
				);
				GCC_WARN_64_TO_32_BIT_CONVERSION = YES;
				GCC_WARN_ABOUT_RETURN_TYPE = YES_ERROR;
				GCC_WARN_UNDECLARED_SELECTOR = YES;
				GCC_WARN_UNINITIALIZED_AUTOS = YES_AGGRESSIVE;
				GCC_WARN_UNUSED_FUNCTION = YES;
				GCC_WARN_UNUSED_VARIABLE = YES;
				IPHONEOS_DEPLOYMENT_TARGET = 10.0;
				LD_RUNPATH_SEARCH_PATHS = (
					"$(inherited)",
					"@executable_path/Frameworks",
					"@loader_path/Frameworks",
				);
				"LD_RUNPATH_SEARCH_PATHS[sdk=macosx*]" = (
					"$(inherited)",
					"@loader_path/../Frameworks",
				);
				MACOSX_DEPLOYMENT_TARGET = 10.12;
				MTL_ENABLE_DEBUG_INFO = YES;
				ONLY_ACTIVE_ARCH = YES;
				PRODUCT_NAME = "$(FRAMEWORK_NAME)";
				SUPPORTED_PLATFORMS = "macosx iphoneos iphonesimulator appletvos appletvsimulator watchos watchsimulator";
				SWIFT_ACTIVE_COMPILATION_CONDITIONS = DEBUG;
				SWIFT_OPTIMIZATION_LEVEL = "-Onone";
				SWIFT_VERSION = 5.0;
				TARGETED_DEVICE_FAMILY = "1,2,3,4";
				TVOS_DEPLOYMENT_TARGET = 10.0;
				VERSIONING_SYSTEM = "apple-generic";
				VERSION_INFO_PREFIX = "";
				WATCHOS_DEPLOYMENT_TARGET = 4.0;
			};
			name = Debug;
		};
		07876A2819D41E7000F21E7D /* Release */ = {
			isa = XCBuildConfiguration;
			buildSettings = {
				ALWAYS_SEARCH_USER_PATHS = NO;
				CLANG_ANALYZER_LOCALIZABILITY_NONLOCALIZED = YES;
				CLANG_ENABLE_MODULES = YES;
				CLANG_ENABLE_OBJC_ARC = YES;
				CLANG_WARN_BLOCK_CAPTURE_AUTORELEASING = YES;
				CLANG_WARN_BOOL_CONVERSION = YES;
				CLANG_WARN_COMMA = YES;
				CLANG_WARN_CONSTANT_CONVERSION = YES;
				CLANG_WARN_DEPRECATED_OBJC_IMPLEMENTATIONS = YES;
				CLANG_WARN_DIRECT_OBJC_ISA_USAGE = YES_ERROR;
				CLANG_WARN_EMPTY_BODY = YES;
				CLANG_WARN_ENUM_CONVERSION = YES;
				CLANG_WARN_INFINITE_RECURSION = YES;
				CLANG_WARN_INT_CONVERSION = YES;
				CLANG_WARN_NON_LITERAL_NULL_CONVERSION = YES;
				CLANG_WARN_OBJC_IMPLICIT_RETAIN_SELF = YES;
				CLANG_WARN_OBJC_LITERAL_CONVERSION = YES;
				CLANG_WARN_OBJC_ROOT_CLASS = YES_ERROR;
				CLANG_WARN_RANGE_LOOP_ANALYSIS = YES;
				CLANG_WARN_STRICT_PROTOTYPES = YES;
				CLANG_WARN_SUSPICIOUS_MOVE = YES;
				CLANG_WARN_UNREACHABLE_CODE = YES;
				CLANG_WARN__DUPLICATE_METHOD_MATCH = YES;
				COPY_PHASE_STRIP = NO;
				CURRENT_PROJECT_VERSION = 1;
				ENABLE_NS_ASSERTIONS = NO;
				ENABLE_STRICT_OBJC_MSGSEND = YES;
				GCC_NO_COMMON_BLOCKS = YES;
				GCC_WARN_64_TO_32_BIT_CONVERSION = YES;
				GCC_WARN_ABOUT_RETURN_TYPE = YES_ERROR;
				GCC_WARN_UNDECLARED_SELECTOR = YES;
				GCC_WARN_UNINITIALIZED_AUTOS = YES_AGGRESSIVE;
				GCC_WARN_UNUSED_FUNCTION = YES;
				GCC_WARN_UNUSED_VARIABLE = YES;
				IPHONEOS_DEPLOYMENT_TARGET = 10.0;
				LD_RUNPATH_SEARCH_PATHS = (
					"$(inherited)",
					"@executable_path/Frameworks",
					"@loader_path/Frameworks",
				);
				"LD_RUNPATH_SEARCH_PATHS[sdk=macosx*]" = (
					"$(inherited)",
					"@loader_path/../Frameworks",
				);
				MACOSX_DEPLOYMENT_TARGET = 10.12;
				MTL_ENABLE_DEBUG_INFO = NO;
				PRODUCT_NAME = "$(FRAMEWORK_NAME)";
				SUPPORTED_PLATFORMS = "macosx iphoneos iphonesimulator appletvos appletvsimulator watchos watchsimulator";
				SWIFT_COMPILATION_MODE = wholemodule;
				SWIFT_VERSION = 5.0;
				TARGETED_DEVICE_FAMILY = "1,2,3,4";
				TVOS_DEPLOYMENT_TARGET = 10.0;
				VALIDATE_PRODUCT = YES;
				VERSIONING_SYSTEM = "apple-generic";
				VERSION_INFO_PREFIX = "";
				WATCHOS_DEPLOYMENT_TARGET = 4.0;
			};
			name = Release;
		};
/* End XCBuildConfiguration section */

/* Begin XCConfigurationList section */
		071408571E7FF504004318C9 /* Build configuration list for PBXNativeTarget "FFCoreData" */ = {
			isa = XCConfigurationList;
			buildConfigurations = (
				071408581E7FF504004318C9 /* Debug */,
				071408591E7FF504004318C9 /* Release */,
			);
			defaultConfigurationIsVisible = 0;
			defaultConfigurationName = Release;
		};
		0714085A1E7FF504004318C9 /* Build configuration list for PBXNativeTarget "FFCoreDataTests" */ = {
			isa = XCConfigurationList;
			buildConfigurations = (
				0714085B1E7FF504004318C9 /* Debug */,
				0714085C1E7FF504004318C9 /* Release */,
			);
			defaultConfigurationIsVisible = 0;
			defaultConfigurationName = Release;
		};
		07876A1019D41E7000F21E7D /* Build configuration list for PBXProject "FFCoreData" */ = {
			isa = XCConfigurationList;
			buildConfigurations = (
				07876A2719D41E7000F21E7D /* Debug */,
				07876A2819D41E7000F21E7D /* Release */,
			);
			defaultConfigurationIsVisible = 0;
			defaultConfigurationName = Release;
		};
/* End XCConfigurationList section */

/* Begin XCVersionGroup section */
		0799DB41234F1CB70075314E /* TestModel.xcdatamodeld */ = {
			isa = XCVersionGroup;
			children = (
				0799DB42234F1CB70075314E /* TestModel.xcdatamodel */,
			);
			currentVersion = 0799DB42234F1CB70075314E /* TestModel.xcdatamodel */;
			path = TestModel.xcdatamodeld;
			sourceTree = "<group>";
			versionGroupType = wrapper.xcdatamodel;
		};
/* End XCVersionGroup section */
	};
	rootObject = 07876A0D19D41E7000F21E7D /* Project object */;
}
