// !$*UTF8*$!
{
	archiveVersion = 1;
	classes = {
	};
	objectVersion = 46;
	objects = {

/* Begin PBXBuildFile section */
		0714084F1E7FF504004318C9 /* FFCoreData.framework in Frameworks */ = {isa = PBXBuildFile; fileRef = 071408461E7FF504004318C9 /* FFCoreData.framework */; };
		0714085D1E7FFD27004318C9 /* ManagedObjectContextObserver.swift in Sources */ = {isa = PBXBuildFile; fileRef = 076576941A73CC3500EEA793 /* ManagedObjectContextObserver.swift */; };
		0714085E1E7FFD28004318C9 /* MOCObjectsObserver.swift in Sources */ = {isa = PBXBuildFile; fileRef = 076576961A73D4D500EEA793 /* MOCObjectsObserver.swift */; };
		0714085F1E7FFD28004318C9 /* MOCEntitiesObserver.swift in Sources */ = {isa = PBXBuildFile; fileRef = 0700FD971A73F22B00570B96 /* MOCEntitiesObserver.swift */; };
		071408601E7FFD34004318C9 /* TableViewDataSource.swift in Sources */ = {isa = PBXBuildFile; fileRef = 07A64BEE1B2C3B940008EFF2 /* TableViewDataSource.swift */; };
		071408611E7FFD34004318C9 /* CollectionViewDataSource.swift in Sources */ = {isa = PBXBuildFile; fileRef = 07A64BF01B2C4CCB0008EFF2 /* CollectionViewDataSource.swift */; };
		071408621E7FFD51004318C9 /* UIKitFetchedResultsControllerDelegate.swift in Sources */ = {isa = PBXBuildFile; fileRef = 07A64BE81B2C240F0008EFF2 /* UIKitFetchedResultsControllerDelegate.swift */; };
		071408631E7FFD51004318C9 /* TableViewFetchedResultsControllerDelegate.swift in Sources */ = {isa = PBXBuildFile; fileRef = 07A64BEA1B2C266A0008EFF2 /* TableViewFetchedResultsControllerDelegate.swift */; };
		071408641E7FFD51004318C9 /* CollectionViewFetchedResultsControllerDelegate.swift in Sources */ = {isa = PBXBuildFile; fileRef = 07A64BEC1B2C29A30008EFF2 /* CollectionViewFetchedResultsControllerDelegate.swift */; };
		071408651E7FFD58004318C9 /* FetchedResulsControllerDelegate.swift in Sources */ = {isa = PBXBuildFile; fileRef = 07AA24391B2A0F0900FA689B /* FetchedResulsControllerDelegate.swift */; };
		071408711E7FFDAE004318C9 /* CoreDataManager.swift in Sources */ = {isa = PBXBuildFile; fileRef = 07AA24371B28037E00FA689B /* CoreDataManager.swift */; };
		071408721E7FFDD8004318C9 /* FFCoreDataTests.swift in Sources */ = {isa = PBXBuildFile; fileRef = 07F82FDC1DAA7ADA00DBCBAA /* FFCoreDataTests.swift */; };
		071408731E7FFDDE004318C9 /* TestEntity+CoreDataProperties.swift in Sources */ = {isa = PBXBuildFile; fileRef = 07F82FDD1DAA7ADA00DBCBAA /* TestEntity+CoreDataProperties.swift */; };
		071408741E7FFDE0004318C9 /* TestEntity.swift in Sources */ = {isa = PBXBuildFile; fileRef = 07F82FDE1DAA7ADA00DBCBAA /* TestEntity.swift */; };
		071408751E7FFDE4004318C9 /* TestModel.xcdatamodeld in Sources */ = {isa = PBXBuildFile; fileRef = 07F82FDF1DAA7ADA00DBCBAA /* TestModel.xcdatamodeld */; };
		071408771E8001C1004318C9 /* FFCoreData.h in Headers */ = {isa = PBXBuildFile; fileRef = 07876A1B19D41E7000F21E7D /* FFCoreData.h */; settings = {ATTRIBUTES = (Public, ); }; };
		077811501EC5D61E001CB263 /* FFFoundation.framework in Frameworks */ = {isa = PBXBuildFile; fileRef = 0714083C1E7FF3FE004318C9 /* FFFoundation.framework */; };
		0788305D1E824C2A00A0F103 /* NSManagedObject+FindAndOrCreate.swift in Sources */ = {isa = PBXBuildFile; fileRef = 07A64BF21B2C53480008EFF2 /* NSManagedObject+FindAndOrCreate.swift */; };
/* End PBXBuildFile section */

/* Begin PBXContainerItemProxy section */
		0714083B1E7FF3FE004318C9 /* PBXContainerItemProxy */ = {
			isa = PBXContainerItemProxy;
			containerPortal = 071408361E7FF3FE004318C9 /* FFFoundation.xcodeproj */;
			proxyType = 2;
			remoteGlobalIDString = OBJ_36;
			remoteInfo = FFFoundation;
		};
		0714083D1E7FF3FE004318C9 /* PBXContainerItemProxy */ = {
			isa = PBXContainerItemProxy;
			containerPortal = 071408361E7FF3FE004318C9 /* FFFoundation.xcodeproj */;
			proxyType = 2;
			remoteGlobalIDString = OBJ_37;
			remoteInfo = FFFoundationTests;
		};
		071408501E7FF504004318C9 /* PBXContainerItemProxy */ = {
			isa = PBXContainerItemProxy;
			containerPortal = 07876A0D19D41E7000F21E7D /* Project object */;
			proxyType = 1;
			remoteGlobalIDString = 071408451E7FF504004318C9;
			remoteInfo = FFCoreData;
		};
/* End PBXContainerItemProxy section */

/* Begin PBXFileReference section */
		0700FD971A73F22B00570B96 /* MOCEntitiesObserver.swift */ = {isa = PBXFileReference; fileEncoding = 4; lastKnownFileType = sourcecode.swift; path = MOCEntitiesObserver.swift; sourceTree = "<group>"; };
		071408361E7FF3FE004318C9 /* FFFoundation.xcodeproj */ = {isa = PBXFileReference; lastKnownFileType = "wrapper.pb-project"; name = FFFoundation.xcodeproj; path = Submodules/FFFoundation/FFFoundation.xcodeproj; sourceTree = "<group>"; };
		071408461E7FF504004318C9 /* FFCoreData.framework */ = {isa = PBXFileReference; explicitFileType = wrapper.framework; includeInIndex = 0; path = FFCoreData.framework; sourceTree = BUILT_PRODUCTS_DIR; };
		0714084E1E7FF504004318C9 /* FFCoreDataTests.xctest */ = {isa = PBXFileReference; explicitFileType = wrapper.cfbundle; includeInIndex = 0; path = FFCoreDataTests.xctest; sourceTree = BUILT_PRODUCTS_DIR; };
		071408761E7FFEC0004318C9 /* Info.plist */ = {isa = PBXFileReference; lastKnownFileType = text.plist.xml; path = Info.plist; sourceTree = "<group>"; };
		076576941A73CC3500EEA793 /* ManagedObjectContextObserver.swift */ = {isa = PBXFileReference; fileEncoding = 4; lastKnownFileType = sourcecode.swift; path = ManagedObjectContextObserver.swift; sourceTree = "<group>"; };
		076576961A73D4D500EEA793 /* MOCObjectsObserver.swift */ = {isa = PBXFileReference; fileEncoding = 4; lastKnownFileType = sourcecode.swift; path = MOCObjectsObserver.swift; sourceTree = "<group>"; };
		07876A1B19D41E7000F21E7D /* FFCoreData.h */ = {isa = PBXFileReference; lastKnownFileType = sourcecode.c.h; path = FFCoreData.h; sourceTree = "<group>"; };
		07A64BE81B2C240F0008EFF2 /* UIKitFetchedResultsControllerDelegate.swift */ = {isa = PBXFileReference; fileEncoding = 4; lastKnownFileType = sourcecode.swift; path = UIKitFetchedResultsControllerDelegate.swift; sourceTree = "<group>"; };
		07A64BEA1B2C266A0008EFF2 /* TableViewFetchedResultsControllerDelegate.swift */ = {isa = PBXFileReference; fileEncoding = 4; lastKnownFileType = sourcecode.swift; path = TableViewFetchedResultsControllerDelegate.swift; sourceTree = "<group>"; };
		07A64BEC1B2C29A30008EFF2 /* CollectionViewFetchedResultsControllerDelegate.swift */ = {isa = PBXFileReference; fileEncoding = 4; lastKnownFileType = sourcecode.swift; path = CollectionViewFetchedResultsControllerDelegate.swift; sourceTree = "<group>"; };
		07A64BEE1B2C3B940008EFF2 /* TableViewDataSource.swift */ = {isa = PBXFileReference; fileEncoding = 4; lastKnownFileType = sourcecode.swift; path = TableViewDataSource.swift; sourceTree = "<group>"; };
		07A64BF01B2C4CCB0008EFF2 /* CollectionViewDataSource.swift */ = {isa = PBXFileReference; fileEncoding = 4; lastKnownFileType = sourcecode.swift; path = CollectionViewDataSource.swift; sourceTree = "<group>"; };
		07A64BF21B2C53480008EFF2 /* NSManagedObject+FindAndOrCreate.swift */ = {isa = PBXFileReference; fileEncoding = 4; lastKnownFileType = sourcecode.swift; path = "NSManagedObject+FindAndOrCreate.swift"; sourceTree = "<group>"; };
		07AA24371B28037E00FA689B /* CoreDataManager.swift */ = {isa = PBXFileReference; fileEncoding = 4; lastKnownFileType = sourcecode.swift; path = CoreDataManager.swift; sourceTree = "<group>"; };
		07AA24391B2A0F0900FA689B /* FetchedResulsControllerDelegate.swift */ = {isa = PBXFileReference; fileEncoding = 4; lastKnownFileType = sourcecode.swift; path = FetchedResulsControllerDelegate.swift; sourceTree = "<group>"; };
		07F82FDC1DAA7ADA00DBCBAA /* FFCoreDataTests.swift */ = {isa = PBXFileReference; fileEncoding = 4; lastKnownFileType = sourcecode.swift; path = FFCoreDataTests.swift; sourceTree = "<group>"; };
		07F82FDD1DAA7ADA00DBCBAA /* TestEntity+CoreDataProperties.swift */ = {isa = PBXFileReference; fileEncoding = 4; lastKnownFileType = sourcecode.swift; path = "TestEntity+CoreDataProperties.swift"; sourceTree = "<group>"; };
		07F82FDE1DAA7ADA00DBCBAA /* TestEntity.swift */ = {isa = PBXFileReference; fileEncoding = 4; lastKnownFileType = sourcecode.swift; path = TestEntity.swift; sourceTree = "<group>"; };
		07F82FE01DAA7ADA00DBCBAA /* TestModel.xcdatamodel */ = {isa = PBXFileReference; lastKnownFileType = wrapper.xcdatamodel; path = TestModel.xcdatamodel; sourceTree = "<group>"; };
/* End PBXFileReference section */

/* Begin PBXFrameworksBuildPhase section */
		071408421E7FF504004318C9 /* Frameworks */ = {
			isa = PBXFrameworksBuildPhase;
			buildActionMask = 2147483647;
			files = (
				077811501EC5D61E001CB263 /* FFFoundation.framework in Frameworks */,
			);
			runOnlyForDeploymentPostprocessing = 0;
		};
		0714084B1E7FF504004318C9 /* Frameworks */ = {
			isa = PBXFrameworksBuildPhase;
			buildActionMask = 2147483647;
			files = (
				0714084F1E7FF504004318C9 /* FFCoreData.framework in Frameworks */,
			);
			runOnlyForDeploymentPostprocessing = 0;
		};
/* End PBXFrameworksBuildPhase section */

/* Begin PBXGroup section */
		071408371E7FF3FE004318C9 /* Products */ = {
			isa = PBXGroup;
			children = (
				0714083C1E7FF3FE004318C9 /* FFFoundation.framework */,
				0714083E1E7FF3FE004318C9 /* FFFoundationTests.xctest */,
			);
			name = Products;
			sourceTree = "<group>";
		};
		071D620319D4BB3800C1999D /* Delegates */ = {
			isa = PBXGroup;
			children = (
				07A64BE81B2C240F0008EFF2 /* UIKitFetchedResultsControllerDelegate.swift */,
				07A64BEA1B2C266A0008EFF2 /* TableViewFetchedResultsControllerDelegate.swift */,
				07A64BEC1B2C29A30008EFF2 /* CollectionViewFetchedResultsControllerDelegate.swift */,
			);
			name = Delegates;
			sourceTree = "<group>";
		};
		071D620419D4BB4100C1999D /* DataSources */ = {
			isa = PBXGroup;
			children = (
				07A64BEE1B2C3B940008EFF2 /* TableViewDataSource.swift */,
				07A64BF01B2C4CCB0008EFF2 /* CollectionViewDataSource.swift */,
			);
			name = DataSources;
			sourceTree = "<group>";
		};
		0756A6C819D4669F00F42CFD /* UIKit */ = {
			isa = PBXGroup;
			children = (
				071D620419D4BB4100C1999D /* DataSources */,
				071D620319D4BB3800C1999D /* Delegates */,
			);
			name = UIKit;
			sourceTree = "<group>";
		};
		07593A031A36E2C900EDACD7 /* CoreDataManager */ = {
			isa = PBXGroup;
			children = (
				07AA24371B28037E00FA689B /* CoreDataManager.swift */,
			);
			name = CoreDataManager;
			sourceTree = "<group>";
		};
		076576931A73CC0400EEA793 /* ManagedObjectContext Observer */ = {
			isa = PBXGroup;
			children = (
				076576941A73CC3500EEA793 /* ManagedObjectContextObserver.swift */,
				076576961A73D4D500EEA793 /* MOCObjectsObserver.swift */,
				0700FD971A73F22B00570B96 /* MOCEntitiesObserver.swift */,
			);
			name = "ManagedObjectContext Observer";
			sourceTree = "<group>";
		};
		07876A0C19D41E7000F21E7D = {
			isa = PBXGroup;
			children = (
				071408361E7FF3FE004318C9 /* FFFoundation.xcodeproj */,
				07876A1819D41E7000F21E7D /* FFCoreData */,
				07F82FDB1DAA7ADA00DBCBAA /* FFCoreData Tests */,
				07876A1719D41E7000F21E7D /* Products */,
			);
			sourceTree = "<group>";
		};
		07876A1719D41E7000F21E7D /* Products */ = {
			isa = PBXGroup;
			children = (
				071408461E7FF504004318C9 /* FFCoreData.framework */,
				0714084E1E7FF504004318C9 /* FFCoreDataTests.xctest */,
			);
			name = Products;
			sourceTree = "<group>";
		};
		07876A1819D41E7000F21E7D /* FFCoreData */ = {
			isa = PBXGroup;
			children = (
				076576931A73CC0400EEA793 /* ManagedObjectContext Observer */,
				0756A6C819D4669F00F42CFD /* UIKit */,
				07876A4A19D433CC00F21E7D /* NSFetchedResultsController */,
				07876A4B19D4341600F21E7D /* NSManagedObject */,
				07593A031A36E2C900EDACD7 /* CoreDataManager */,
				07876A1B19D41E7000F21E7D /* FFCoreData.h */,
				071408761E7FFEC0004318C9 /* Info.plist */,
			);
			path = FFCoreData;
			sourceTree = "<group>";
		};
		07876A4A19D433CC00F21E7D /* NSFetchedResultsController */ = {
			isa = PBXGroup;
			children = (
				07AA24391B2A0F0900FA689B /* FetchedResulsControllerDelegate.swift */,
			);
			name = NSFetchedResultsController;
			sourceTree = "<group>";
		};
		07876A4B19D4341600F21E7D /* NSManagedObject */ = {
			isa = PBXGroup;
			children = (
				07A64BF21B2C53480008EFF2 /* NSManagedObject+FindAndOrCreate.swift */,
			);
			name = NSManagedObject;
			sourceTree = "<group>";
		};
		07F82FDB1DAA7ADA00DBCBAA /* FFCoreData Tests */ = {
			isa = PBXGroup;
			children = (
				07F82FDC1DAA7ADA00DBCBAA /* FFCoreDataTests.swift */,
				07F82FDD1DAA7ADA00DBCBAA /* TestEntity+CoreDataProperties.swift */,
				07F82FDE1DAA7ADA00DBCBAA /* TestEntity.swift */,
				07F82FDF1DAA7ADA00DBCBAA /* TestModel.xcdatamodeld */,
			);
			path = "FFCoreData Tests";
			sourceTree = "<group>";
		};
/* End PBXGroup section */

/* Begin PBXHeadersBuildPhase section */
		071408431E7FF504004318C9 /* Headers */ = {
			isa = PBXHeadersBuildPhase;
			buildActionMask = 2147483647;
			files = (
				071408771E8001C1004318C9 /* FFCoreData.h in Headers */,
			);
			runOnlyForDeploymentPostprocessing = 0;
		};
/* End PBXHeadersBuildPhase section */

/* Begin PBXNativeTarget section */
		071408451E7FF504004318C9 /* FFCoreData */ = {
			isa = PBXNativeTarget;
			buildConfigurationList = 071408571E7FF504004318C9 /* Build configuration list for PBXNativeTarget "FFCoreData" */;
			buildPhases = (
				071408411E7FF504004318C9 /* Sources */,
				071408421E7FF504004318C9 /* Frameworks */,
				071408431E7FF504004318C9 /* Headers */,
				071408441E7FF504004318C9 /* Resources */,
			);
			buildRules = (
			);
			dependencies = (
			);
			name = FFCoreData;
			productName = FFCoreData;
			productReference = 071408461E7FF504004318C9 /* FFCoreData.framework */;
			productType = "com.apple.product-type.framework";
		};
		0714084D1E7FF504004318C9 /* FFCoreDataTests */ = {
			isa = PBXNativeTarget;
			buildConfigurationList = 0714085A1E7FF504004318C9 /* Build configuration list for PBXNativeTarget "FFCoreDataTests" */;
			buildPhases = (
				0714084A1E7FF504004318C9 /* Sources */,
				0714084B1E7FF504004318C9 /* Frameworks */,
				0714084C1E7FF504004318C9 /* Resources */,
			);
			buildRules = (
			);
			dependencies = (
				071408511E7FF504004318C9 /* PBXTargetDependency */,
			);
			name = FFCoreDataTests;
			productName = FFCoreDataTests;
			productReference = 0714084E1E7FF504004318C9 /* FFCoreDataTests.xctest */;
			productType = "com.apple.product-type.bundle.unit-test";
		};
/* End PBXNativeTarget section */

/* Begin PBXProject section */
		07876A0D19D41E7000F21E7D /* Project object */ = {
			isa = PBXProject;
			attributes = {
				CLASSPREFIX = FF;
				LastSwiftUpdateCheck = 0820;
				LastUpgradeCheck = 0830;
				ORGANIZATIONNAME = "Florian Friedrich";
				TargetAttributes = {
					071408451E7FF504004318C9 = {
						CreatedOnToolsVersion = 8.2.1;
						ProvisioningStyle = Automatic;
					};
					0714084D1E7FF504004318C9 = {
						CreatedOnToolsVersion = 8.2.1;
						ProvisioningStyle = Automatic;
					};
				};
			};
			buildConfigurationList = 07876A1019D41E7000F21E7D /* Build configuration list for PBXProject "FFCoreData" */;
			compatibilityVersion = "Xcode 3.2";
			developmentRegion = English;
			hasScannedForEncodings = 0;
			knownRegions = (
				en,
			);
			mainGroup = 07876A0C19D41E7000F21E7D;
			productRefGroup = 07876A1719D41E7000F21E7D /* Products */;
			projectDirPath = "";
			projectReferences = (
				{
					ProductGroup = 071408371E7FF3FE004318C9 /* Products */;
					ProjectRef = 071408361E7FF3FE004318C9 /* FFFoundation.xcodeproj */;
				},
			);
			projectRoot = "";
			targets = (
				071408451E7FF504004318C9 /* FFCoreData */,
				0714084D1E7FF504004318C9 /* FFCoreDataTests */,
			);
		};
/* End PBXProject section */

/* Begin PBXReferenceProxy section */
		0714083C1E7FF3FE004318C9 /* FFFoundation.framework */ = {
			isa = PBXReferenceProxy;
			fileType = wrapper.framework;
			path = FFFoundation.framework;
			remoteRef = 0714083B1E7FF3FE004318C9 /* PBXContainerItemProxy */;
			sourceTree = BUILT_PRODUCTS_DIR;
		};
		0714083E1E7FF3FE004318C9 /* FFFoundationTests.xctest */ = {
			isa = PBXReferenceProxy;
			fileType = wrapper.cfbundle;
			path = FFFoundationTests.xctest;
			remoteRef = 0714083D1E7FF3FE004318C9 /* PBXContainerItemProxy */;
			sourceTree = BUILT_PRODUCTS_DIR;
		};
/* End PBXReferenceProxy section */

/* Begin PBXResourcesBuildPhase section */
		071408441E7FF504004318C9 /* Resources */ = {
			isa = PBXResourcesBuildPhase;
			buildActionMask = 2147483647;
			files = (
			);
			runOnlyForDeploymentPostprocessing = 0;
		};
		0714084C1E7FF504004318C9 /* Resources */ = {
			isa = PBXResourcesBuildPhase;
			buildActionMask = 2147483647;
			files = (
			);
			runOnlyForDeploymentPostprocessing = 0;
		};
/* End PBXResourcesBuildPhase section */

/* Begin PBXSourcesBuildPhase section */
		071408411E7FF504004318C9 /* Sources */ = {
			isa = PBXSourcesBuildPhase;
			buildActionMask = 2147483647;
			files = (
				071408631E7FFD51004318C9 /* TableViewFetchedResultsControllerDelegate.swift in Sources */,
				071408611E7FFD34004318C9 /* CollectionViewDataSource.swift in Sources */,
				071408711E7FFDAE004318C9 /* CoreDataManager.swift in Sources */,
				071408641E7FFD51004318C9 /* CollectionViewFetchedResultsControllerDelegate.swift in Sources */,
				0714085E1E7FFD28004318C9 /* MOCObjectsObserver.swift in Sources */,
				071408621E7FFD51004318C9 /* UIKitFetchedResultsControllerDelegate.swift in Sources */,
				0788305D1E824C2A00A0F103 /* NSManagedObject+FindAndOrCreate.swift in Sources */,
				0714085D1E7FFD27004318C9 /* ManagedObjectContextObserver.swift in Sources */,
				071408601E7FFD34004318C9 /* TableViewDataSource.swift in Sources */,
				0714085F1E7FFD28004318C9 /* MOCEntitiesObserver.swift in Sources */,
				071408651E7FFD58004318C9 /* FetchedResulsControllerDelegate.swift in Sources */,
			);
			runOnlyForDeploymentPostprocessing = 0;
		};
		0714084A1E7FF504004318C9 /* Sources */ = {
			isa = PBXSourcesBuildPhase;
			buildActionMask = 2147483647;
			files = (
				071408741E7FFDE0004318C9 /* TestEntity.swift in Sources */,
				071408751E7FFDE4004318C9 /* TestModel.xcdatamodeld in Sources */,
				071408721E7FFDD8004318C9 /* FFCoreDataTests.swift in Sources */,
				071408731E7FFDDE004318C9 /* TestEntity+CoreDataProperties.swift in Sources */,
			);
			runOnlyForDeploymentPostprocessing = 0;
		};
/* End PBXSourcesBuildPhase section */

/* Begin PBXTargetDependency section */
		071408511E7FF504004318C9 /* PBXTargetDependency */ = {
			isa = PBXTargetDependency;
			target = 071408451E7FF504004318C9 /* FFCoreData */;
			targetProxy = 071408501E7FF504004318C9 /* PBXContainerItemProxy */;
		};
/* End PBXTargetDependency section */

/* Begin XCBuildConfiguration section */
		071408581E7FF504004318C9 /* Debug */ = {
			isa = XCBuildConfiguration;
			buildSettings = {
				APPLICATION_EXTENSION_API_ONLY = YES;
				CLANG_ANALYZER_NONNULL = YES;
				CLANG_WARN_DOCUMENTATION_COMMENTS = YES;
				CODE_SIGN_IDENTITY = "";
				"CODE_SIGN_IDENTITY[sdk=iphoneos*]" = "";
				DEBUG_INFORMATION_FORMAT = dwarf;
				DEFINES_MODULE = YES;
				DYLIB_COMPATIBILITY_VERSION = 1;
				DYLIB_CURRENT_VERSION = 1;
				DYLIB_INSTALL_NAME_BASE = "@rpath";
				INFOPLIST_FILE = FFCoreData/Info.plist;
				INSTALL_PATH = "$(LOCAL_LIBRARY_DIR)/Frameworks";
				LD_RUNPATH_SEARCH_PATHS = "$(inherited) @executable_path/Frameworks @loader_path/Frameworks";
				PRODUCT_BUNDLE_IDENTIFIER = net.ffried.FFCoreData;
				PRODUCT_NAME = "$(TARGET_NAME)";
				SDKROOT = iphoneos;
				SKIP_INSTALL = YES;
				SWIFT_ACTIVE_COMPILATION_CONDITIONS = DEBUG;
				SWIFT_OPTIMIZATION_LEVEL = "-Onone";
				SWIFT_VERSION = 3.0;
			};
			name = Debug;
		};
		071408591E7FF504004318C9 /* Release */ = {
			isa = XCBuildConfiguration;
			buildSettings = {
				APPLICATION_EXTENSION_API_ONLY = YES;
				CLANG_ANALYZER_NONNULL = YES;
				CLANG_WARN_DOCUMENTATION_COMMENTS = YES;
				CODE_SIGN_IDENTITY = "";
				"CODE_SIGN_IDENTITY[sdk=iphoneos*]" = "";
				DEBUG_INFORMATION_FORMAT = "dwarf-with-dsym";
				DEFINES_MODULE = YES;
				DYLIB_COMPATIBILITY_VERSION = 1;
				DYLIB_CURRENT_VERSION = 1;
				DYLIB_INSTALL_NAME_BASE = "@rpath";
				INFOPLIST_FILE = FFCoreData/Info.plist;
				INSTALL_PATH = "$(LOCAL_LIBRARY_DIR)/Frameworks";
				LD_RUNPATH_SEARCH_PATHS = "$(inherited) @executable_path/Frameworks @loader_path/Frameworks";
				PRODUCT_BUNDLE_IDENTIFIER = net.ffried.FFCoreData;
				PRODUCT_NAME = "$(TARGET_NAME)";
				SDKROOT = iphoneos;
				SKIP_INSTALL = YES;
				SWIFT_VERSION = 3.0;
			};
			name = Release;
		};
		0714085B1E7FF504004318C9 /* Debug */ = {
			isa = XCBuildConfiguration;
			buildSettings = {
				ALWAYS_EMBED_SWIFT_STANDARD_LIBRARIES = YES;
				CLANG_ANALYZER_NONNULL = YES;
				CLANG_WARN_DOCUMENTATION_COMMENTS = YES;
				CODE_SIGN_IDENTITY = "Mac Developer";
				"CODE_SIGN_IDENTITY[sdk=*]" = "iPhone Developer";
				"CODE_SIGN_IDENTITY[sdk=macosx*]" = "";
				DEBUG_INFORMATION_FORMAT = dwarf;
				INFOPLIST_FILE = "FFCoreData Tests/Info.plist";
				LD_RUNPATH_SEARCH_PATHS = "$(inherited) @executable_path/Frameworks @loader_path/Frameworks";
				PRODUCT_BUNDLE_IDENTIFIER = net.ffried.FFCoreDataTests;
				PRODUCT_NAME = "$(TARGET_NAME)";
				SDKROOT = iphoneos;
				SWIFT_ACTIVE_COMPILATION_CONDITIONS = DEBUG;
				SWIFT_OPTIMIZATION_LEVEL = "-Onone";
				SWIFT_VERSION = 3.0;
			};
			name = Debug;
		};
		0714085C1E7FF504004318C9 /* Release */ = {
			isa = XCBuildConfiguration;
			buildSettings = {
				ALWAYS_EMBED_SWIFT_STANDARD_LIBRARIES = YES;
				CLANG_ANALYZER_NONNULL = YES;
				CLANG_WARN_DOCUMENTATION_COMMENTS = YES;
				CODE_SIGN_IDENTITY = "Mac Developer";
				"CODE_SIGN_IDENTITY[sdk=*]" = "iPhone Distribution";
				"CODE_SIGN_IDENTITY[sdk=macosx*]" = "";
				DEBUG_INFORMATION_FORMAT = "dwarf-with-dsym";
				INFOPLIST_FILE = "FFCoreData Tests/Info.plist";
				LD_RUNPATH_SEARCH_PATHS = "$(inherited) @executable_path/Frameworks @loader_path/Frameworks";
				PRODUCT_BUNDLE_IDENTIFIER = net.ffried.FFCoreDataTests;
				PRODUCT_NAME = "$(TARGET_NAME)";
				SDKROOT = iphoneos;
				SWIFT_VERSION = 3.0;
			};
			name = Release;
		};
		07876A2719D41E7000F21E7D /* Debug */ = {
			isa = XCBuildConfiguration;
			buildSettings = {
				ALWAYS_SEARCH_USER_PATHS = NO;
				CLANG_ENABLE_MODULES = YES;
				CLANG_ENABLE_OBJC_ARC = YES;
				CLANG_WARN_BOOL_CONVERSION = YES;
				CLANG_WARN_CONSTANT_CONVERSION = YES;
				CLANG_WARN_DIRECT_OBJC_ISA_USAGE = YES_ERROR;
				CLANG_WARN_EMPTY_BODY = YES;
				CLANG_WARN_ENUM_CONVERSION = YES;
				CLANG_WARN_INFINITE_RECURSION = YES;
				CLANG_WARN_INT_CONVERSION = YES;
				CLANG_WARN_OBJC_ROOT_CLASS = YES_ERROR;
				CLANG_WARN_SUSPICIOUS_MOVE = YES;
				CLANG_WARN_UNREACHABLE_CODE = YES;
				CLANG_WARN__DUPLICATE_METHOD_MATCH = YES;
				CODE_SIGN_IDENTITY = "iPhone Developer";
				COPY_PHASE_STRIP = NO;
				CURRENT_PROJECT_VERSION = 1;
				ENABLE_STRICT_OBJC_MSGSEND = YES;
				ENABLE_TESTABILITY = YES;
				GCC_DYNAMIC_NO_PIC = NO;
				GCC_NO_COMMON_BLOCKS = YES;
				GCC_OPTIMIZATION_LEVEL = 0;
				GCC_PREPROCESSOR_DEFINITIONS = (
					"DEBUG=1",
					"$(inherited)",
				);
				GCC_WARN_64_TO_32_BIT_CONVERSION = YES;
				GCC_WARN_ABOUT_RETURN_TYPE = YES_ERROR;
				GCC_WARN_UNDECLARED_SELECTOR = YES;
				GCC_WARN_UNINITIALIZED_AUTOS = YES_AGGRESSIVE;
				GCC_WARN_UNUSED_FUNCTION = YES;
				GCC_WARN_UNUSED_VARIABLE = YES;
				IPHONEOS_DEPLOYMENT_TARGET = 9.0;
				LD_RUNPATH_SEARCH_PATHS = "$(inherited) @executable_path/Frameworks @loader_path/Frameworks";
				"LD_RUNPATH_SEARCH_PATHS[sdk=macosx*]" = "$(inherited) @loader_path/../Frameworks";
				MACOSX_DEPLOYMENT_TARGET = 10.10;
				MTL_ENABLE_DEBUG_INFO = YES;
				ONLY_ACTIVE_ARCH = YES;
				PRODUCT_NAME = "$(FRAMEWORK_NAME)";
				SUPPORTED_PLATFORMS = "macosx iphoneos iphonesimulator appletvos appletvsimulator watchos watchsimulator";
				SWIFT_VERSION = 3.0;
				TARGETED_DEVICE_FAMILY = "1,2";
				TVOS_DEPLOYMENT_TARGET = 10.0;
				VALID_ARCHS = "arm64 armv7 armv7s x86_64 i386";
				VERSIONING_SYSTEM = "apple-generic";
				VERSION_INFO_PREFIX = "";
				WATCHOS_DEPLOYMENT_TARGET = 3.0;
			};
			name = Debug;
		};
		07876A2819D41E7000F21E7D /* Release */ = {
			isa = XCBuildConfiguration;
			buildSettings = {
				ALWAYS_SEARCH_USER_PATHS = NO;
				CLANG_ENABLE_MODULES = YES;
				CLANG_ENABLE_OBJC_ARC = YES;
				CLANG_WARN_BOOL_CONVERSION = YES;
				CLANG_WARN_CONSTANT_CONVERSION = YES;
				CLANG_WARN_DIRECT_OBJC_ISA_USAGE = YES_ERROR;
				CLANG_WARN_EMPTY_BODY = YES;
				CLANG_WARN_ENUM_CONVERSION = YES;
				CLANG_WARN_INFINITE_RECURSION = YES;
				CLANG_WARN_INT_CONVERSION = YES;
				CLANG_WARN_OBJC_ROOT_CLASS = YES_ERROR;
				CLANG_WARN_SUSPICIOUS_MOVE = YES;
				CLANG_WARN_UNREACHABLE_CODE = YES;
				CLANG_WARN__DUPLICATE_METHOD_MATCH = YES;
				CODE_SIGN_IDENTITY = "iPhone Distribution";
				COPY_PHASE_STRIP = NO;
				CURRENT_PROJECT_VERSION = 1;
				ENABLE_NS_ASSERTIONS = NO;
				ENABLE_STRICT_OBJC_MSGSEND = YES;
				GCC_NO_COMMON_BLOCKS = YES;
				GCC_WARN_64_TO_32_BIT_CONVERSION = YES;
				GCC_WARN_ABOUT_RETURN_TYPE = YES_ERROR;
				GCC_WARN_UNDECLARED_SELECTOR = YES;
				GCC_WARN_UNINITIALIZED_AUTOS = YES_AGGRESSIVE;
				GCC_WARN_UNUSED_FUNCTION = YES;
				GCC_WARN_UNUSED_VARIABLE = YES;
				IPHONEOS_DEPLOYMENT_TARGET = 9.0;
				LD_RUNPATH_SEARCH_PATHS = "$(inherited) @executable_path/Frameworks @loader_path/Frameworks";
				"LD_RUNPATH_SEARCH_PATHS[sdk=macosx*]" = "$(inherited) @loader_path/../Frameworks";
				MACOSX_DEPLOYMENT_TARGET = 10.10;
				MTL_ENABLE_DEBUG_INFO = NO;
				PRODUCT_NAME = "$(FRAMEWORK_NAME)";
				SUPPORTED_PLATFORMS = "macosx iphoneos iphonesimulator appletvos appletvsimulator watchos watchsimulator";
				SWIFT_OPTIMIZATION_LEVEL = "-Owholemodule";
				SWIFT_VERSION = 3.0;
				TARGETED_DEVICE_FAMILY = "1,2";
				TVOS_DEPLOYMENT_TARGET = 10.0;
				VALIDATE_PRODUCT = YES;
				VALID_ARCHS = "arm64 armv7 armv7s x86_64 i386";
				VERSIONING_SYSTEM = "apple-generic";
				VERSION_INFO_PREFIX = "";
				WATCHOS_DEPLOYMENT_TARGET = 3.0;
			};
			name = Release;
		};
/* End XCBuildConfiguration section */

/* Begin XCConfigurationList section */
		071408571E7FF504004318C9 /* Build configuration list for PBXNativeTarget "FFCoreData" */ = {
			isa = XCConfigurationList;
			buildConfigurations = (
				071408581E7FF504004318C9 /* Debug */,
				071408591E7FF504004318C9 /* Release */,
			);
			defaultConfigurationIsVisible = 0;
			defaultConfigurationName = Release;
		};
		0714085A1E7FF504004318C9 /* Build configuration list for PBXNativeTarget "FFCoreDataTests" */ = {
			isa = XCConfigurationList;
			buildConfigurations = (
				0714085B1E7FF504004318C9 /* Debug */,
				0714085C1E7FF504004318C9 /* Release */,
			);
			defaultConfigurationIsVisible = 0;
			defaultConfigurationName = Release;
		};
		07876A1019D41E7000F21E7D /* Build configuration list for PBXProject "FFCoreData" */ = {
			isa = XCConfigurationList;
			buildConfigurations = (
				07876A2719D41E7000F21E7D /* Debug */,
				07876A2819D41E7000F21E7D /* Release */,
			);
			defaultConfigurationIsVisible = 0;
			defaultConfigurationName = Release;
		};
/* End XCConfigurationList section */

/* Begin XCVersionGroup section */
		07F82FDF1DAA7ADA00DBCBAA /* TestModel.xcdatamodeld */ = {
			isa = XCVersionGroup;
			children = (
				07F82FE01DAA7ADA00DBCBAA /* TestModel.xcdatamodel */,
			);
			currentVersion = 07F82FE01DAA7ADA00DBCBAA /* TestModel.xcdatamodel */;
			path = TestModel.xcdatamodeld;
			sourceTree = "<group>";
			versionGroupType = wrapper.xcdatamodel;
		};
/* End XCVersionGroup section */
	};
	rootObject = 07876A0D19D41E7000F21E7D /* Project object */;
}
