// !$*UTF8*$!
{
	archiveVersion = 1;
	classes = {
	};
	objectVersion = 46;
	objects = {

/* Begin PBXBuildFile section */
		0700FD981A73F22B00570B96 /* MOCEntitiesObserver.swift in Sources */ = {isa = PBXBuildFile; fileRef = 0700FD971A73F22B00570B96 /* MOCEntitiesObserver.swift */; };
		07300CB41BD3F51C00C1644E /* NSManagedObject+FFFindOrCreate.h in Headers */ = {isa = PBXBuildFile; fileRef = 07300CB21BD3F51C00C1644E /* NSManagedObject+FFFindOrCreate.h */; settings = {ATTRIBUTES = (Public, ); }; };
		07300CB51BD3F51C00C1644E /* NSManagedObject+FFFindOrCreate.m in Sources */ = {isa = PBXBuildFile; fileRef = 07300CB31BD3F51C00C1644E /* NSManagedObject+FFFindOrCreate.m */; };
		073518AF1CFC2E96001C05AA /* FFCoreData_OS_X_Tests.swift in Sources */ = {isa = PBXBuildFile; fileRef = 073518AE1CFC2E96001C05AA /* FFCoreData_OS_X_Tests.swift */; };
		073518B11CFC2E96001C05AA /* FFCoreData.framework in Frameworks */ = {isa = PBXBuildFile; fileRef = 07F96F141CB7930E0012C546 /* FFCoreData.framework */; };
		073518BA1CFC3105001C05AA /* NSManagedObject+FFFindAndOrCreate_ObjC.h in Headers */ = {isa = PBXBuildFile; fileRef = 073518B81CFC3105001C05AA /* NSManagedObject+FFFindAndOrCreate_ObjC.h */; settings = {ATTRIBUTES = (Public, ); }; };
		073518BB1CFC3105001C05AA /* NSManagedObject+FFFindAndOrCreate_ObjC.h in Headers */ = {isa = PBXBuildFile; fileRef = 073518B81CFC3105001C05AA /* NSManagedObject+FFFindAndOrCreate_ObjC.h */; settings = {ATTRIBUTES = (Public, ); }; };
		073518BC1CFC3105001C05AA /* NSManagedObject+FFFindAndOrCreate_ObjC.m in Sources */ = {isa = PBXBuildFile; fileRef = 073518B91CFC3105001C05AA /* NSManagedObject+FFFindAndOrCreate_ObjC.m */; };
		073518BD1CFC3105001C05AA /* NSManagedObject+FFFindAndOrCreate_ObjC.m in Sources */ = {isa = PBXBuildFile; fileRef = 073518B91CFC3105001C05AA /* NSManagedObject+FFFindAndOrCreate_ObjC.m */; };
		073518C21CFC3267001C05AA /* NSManagedObject+FFFindAndOrCreateTypes.h in Headers */ = {isa = PBXBuildFile; fileRef = 073518C11CFC3267001C05AA /* NSManagedObject+FFFindAndOrCreateTypes.h */; settings = {ATTRIBUTES = (Public, ); }; };
		073518C31CFC3267001C05AA /* NSManagedObject+FFFindAndOrCreateTypes.h in Headers */ = {isa = PBXBuildFile; fileRef = 073518C11CFC3267001C05AA /* NSManagedObject+FFFindAndOrCreateTypes.h */; settings = {ATTRIBUTES = (Public, ); }; };
		073518C81CFC57FA001C05AA /* NSManagedObject+FFFind.h in Headers */ = {isa = PBXBuildFile; fileRef = 073518C61CFC57FA001C05AA /* NSManagedObject+FFFind.h */; settings = {ATTRIBUTES = (Public, ); }; };
		073518C91CFC57FA001C05AA /* NSManagedObject+FFFind.h in Headers */ = {isa = PBXBuildFile; fileRef = 073518C61CFC57FA001C05AA /* NSManagedObject+FFFind.h */; settings = {ATTRIBUTES = (Public, ); }; };
		073518CA1CFC57FA001C05AA /* NSManagedObject+FFFind.m in Sources */ = {isa = PBXBuildFile; fileRef = 073518C71CFC57FA001C05AA /* NSManagedObject+FFFind.m */; };
		073518CB1CFC57FA001C05AA /* NSManagedObject+FFFind.m in Sources */ = {isa = PBXBuildFile; fileRef = 073518C71CFC57FA001C05AA /* NSManagedObject+FFFind.m */; };
		073518CE1CFC5866001C05AA /* NSManagedObject+FFEntity.h in Headers */ = {isa = PBXBuildFile; fileRef = 073518CC1CFC5866001C05AA /* NSManagedObject+FFEntity.h */; settings = {ATTRIBUTES = (Public, ); }; };
		073518CF1CFC5866001C05AA /* NSManagedObject+FFEntity.h in Headers */ = {isa = PBXBuildFile; fileRef = 073518CC1CFC5866001C05AA /* NSManagedObject+FFEntity.h */; settings = {ATTRIBUTES = (Public, ); }; };
		073518D01CFC5866001C05AA /* NSManagedObject+FFEntity.m in Sources */ = {isa = PBXBuildFile; fileRef = 073518CD1CFC5866001C05AA /* NSManagedObject+FFEntity.m */; };
		073518D11CFC5866001C05AA /* NSManagedObject+FFEntity.m in Sources */ = {isa = PBXBuildFile; fileRef = 073518CD1CFC5866001C05AA /* NSManagedObject+FFEntity.m */; };
		073518D41CFC5A8F001C05AA /* NSManagedObject+FFCreate.h in Headers */ = {isa = PBXBuildFile; fileRef = 073518D21CFC5A8F001C05AA /* NSManagedObject+FFCreate.h */; settings = {ATTRIBUTES = (Public, ); }; };
		073518D51CFC5A8F001C05AA /* NSManagedObject+FFCreate.h in Headers */ = {isa = PBXBuildFile; fileRef = 073518D21CFC5A8F001C05AA /* NSManagedObject+FFCreate.h */; settings = {ATTRIBUTES = (Public, ); }; };
		073518D61CFC5A8F001C05AA /* NSManagedObject+FFCreate.m in Sources */ = {isa = PBXBuildFile; fileRef = 073518D31CFC5A8F001C05AA /* NSManagedObject+FFCreate.m */; };
		073518D71CFC5A8F001C05AA /* NSManagedObject+FFCreate.m in Sources */ = {isa = PBXBuildFile; fileRef = 073518D31CFC5A8F001C05AA /* NSManagedObject+FFCreate.m */; };
		0741EB201B2C84B4002593F6 /* TestModel.xcdatamodeld in Sources */ = {isa = PBXBuildFile; fileRef = 0741EB1E1B2C84B4002593F6 /* TestModel.xcdatamodeld */; };
		0741EB261B2C85ED002593F6 /* TestEntity+CoreDataProperties.swift in Sources */ = {isa = PBXBuildFile; fileRef = 0741EB241B2C85ED002593F6 /* TestEntity+CoreDataProperties.swift */; };
		0741EB271B2C85ED002593F6 /* TestEntity.swift in Sources */ = {isa = PBXBuildFile; fileRef = 0741EB251B2C85ED002593F6 /* TestEntity.swift */; };
		0741EB291B2C8618002593F6 /* FFCoreDataTests.swift in Sources */ = {isa = PBXBuildFile; fileRef = 0741EB281B2C8618002593F6 /* FFCoreDataTests.swift */; };
		0741EB2C1B2DEBC5002593F6 /* FFCoreData.framework in Frameworks */ = {isa = PBXBuildFile; fileRef = 07876A1619D41E7000F21E7D /* FFCoreData.framework */; };
		076576951A73CC3500EEA793 /* ManagedObjectContextObserver.swift in Sources */ = {isa = PBXBuildFile; fileRef = 076576941A73CC3500EEA793 /* ManagedObjectContextObserver.swift */; };
		076576971A73D4D500EEA793 /* MOCObjectsObserver.swift in Sources */ = {isa = PBXBuildFile; fileRef = 076576961A73D4D500EEA793 /* MOCObjectsObserver.swift */; };
		07876A1C19D41E7000F21E7D /* FFCoreData.h in Headers */ = {isa = PBXBuildFile; fileRef = 07876A1B19D41E7000F21E7D /* FFCoreData.h */; settings = {ATTRIBUTES = (Public, ); }; };
		07A64BE91B2C240F0008EFF2 /* UIKitFetchedResultsControllerDelegate.swift in Sources */ = {isa = PBXBuildFile; fileRef = 07A64BE81B2C240F0008EFF2 /* UIKitFetchedResultsControllerDelegate.swift */; };
		07A64BEB1B2C266A0008EFF2 /* TableViewFetchedResultsControllerDelegate.swift in Sources */ = {isa = PBXBuildFile; fileRef = 07A64BEA1B2C266A0008EFF2 /* TableViewFetchedResultsControllerDelegate.swift */; };
		07A64BED1B2C29A30008EFF2 /* CollectionViewFetchedResultsControllerDelegate.swift in Sources */ = {isa = PBXBuildFile; fileRef = 07A64BEC1B2C29A30008EFF2 /* CollectionViewFetchedResultsControllerDelegate.swift */; };
		07A64BEF1B2C3B940008EFF2 /* TableViewDataSource.swift in Sources */ = {isa = PBXBuildFile; fileRef = 07A64BEE1B2C3B940008EFF2 /* TableViewDataSource.swift */; };
		07A64BF11B2C4CCB0008EFF2 /* CollectionViewDataSource.swift in Sources */ = {isa = PBXBuildFile; fileRef = 07A64BF01B2C4CCB0008EFF2 /* CollectionViewDataSource.swift */; };
		07A64BFE1B2C77C40008EFF2 /* FFFoundation.framework in Frameworks */ = {isa = PBXBuildFile; fileRef = 07A64BFB1B2C77BB0008EFF2 /* FFFoundation.framework */; };
		07AA24381B28037E00FA689B /* CoreDataManager.swift in Sources */ = {isa = PBXBuildFile; fileRef = 07AA24371B28037E00FA689B /* CoreDataManager.swift */; };
		07AA243A1B2A0F0900FA689B /* FetchedResulsControllerDelegate.swift in Sources */ = {isa = PBXBuildFile; fileRef = 07AA24391B2A0F0900FA689B /* FetchedResulsControllerDelegate.swift */; };
		07D8F0521CB7949C00245BC5 /* ManagedObjectContextObserver.swift in Sources */ = {isa = PBXBuildFile; fileRef = 076576941A73CC3500EEA793 /* ManagedObjectContextObserver.swift */; };
		07D8F0531CB794A100245BC5 /* MOCObjectsObserver.swift in Sources */ = {isa = PBXBuildFile; fileRef = 076576961A73D4D500EEA793 /* MOCObjectsObserver.swift */; };
		07D8F0541CB794A500245BC5 /* MOCEntitiesObserver.swift in Sources */ = {isa = PBXBuildFile; fileRef = 0700FD971A73F22B00570B96 /* MOCEntitiesObserver.swift */; };
		07D8F0561CB794C400245BC5 /* NSManagedObject+FFFindOrCreate.h in Headers */ = {isa = PBXBuildFile; fileRef = 07300CB21BD3F51C00C1644E /* NSManagedObject+FFFindOrCreate.h */; settings = {ATTRIBUTES = (Public, ); }; };
		07D8F0571CB794CB00245BC5 /* NSManagedObject+FFFindOrCreate.m in Sources */ = {isa = PBXBuildFile; fileRef = 07300CB31BD3F51C00C1644E /* NSManagedObject+FFFindOrCreate.m */; };
		07D8F0581CB794D000245BC5 /* CoreDataManager.swift in Sources */ = {isa = PBXBuildFile; fileRef = 07AA24371B28037E00FA689B /* CoreDataManager.swift */; };
		07D8F0591CB794D300245BC5 /* FFCoreData.h in Headers */ = {isa = PBXBuildFile; fileRef = 07876A1B19D41E7000F21E7D /* FFCoreData.h */; settings = {ATTRIBUTES = (Public, ); }; };
		07D8F05A1CB795CB00245BC5 /* FFFoundation.framework in Frameworks */ = {isa = PBXBuildFile; fileRef = 07F96F1F1CB7930E0012C546 /* FFFoundation.framework */; };
/* End PBXBuildFile section */

/* Begin PBXContainerItemProxy section */
		073518B21CFC2E96001C05AA /* PBXContainerItemProxy */ = {
			isa = PBXContainerItemProxy;
			containerPortal = 07876A0D19D41E7000F21E7D /* Project object */;
			proxyType = 1;
			remoteGlobalIDString = 07F96F131CB7930E0012C546;
			remoteInfo = "FFCoreData OSX";
		};
		073518BF1CFC322B001C05AA /* PBXContainerItemProxy */ = {
			isa = PBXContainerItemProxy;
			containerPortal = 07A64BF51B2C77BB0008EFF2 /* FFFoundation.xcodeproj */;
			proxyType = 2;
			remoteGlobalIDString = 0735189A1CFC2D1E001C05AA;
			remoteInfo = "FFFoundation OS X Tests";
		};
		0741EB2A1B2DEBB0002593F6 /* PBXContainerItemProxy */ = {
			isa = PBXContainerItemProxy;
			containerPortal = 07876A0D19D41E7000F21E7D /* Project object */;
			proxyType = 1;
			remoteGlobalIDString = 07876A1519D41E7000F21E7D;
			remoteInfo = FFCoreData;
		};
		07A64BFA1B2C77BB0008EFF2 /* PBXContainerItemProxy */ = {
			isa = PBXContainerItemProxy;
			containerPortal = 07A64BF51B2C77BB0008EFF2 /* FFFoundation.xcodeproj */;
			proxyType = 2;
			remoteGlobalIDString = 07FF5E271A3761D0006928A9;
			remoteInfo = FFFoundation;
		};
		07A64BFC1B2C77BB0008EFF2 /* PBXContainerItemProxy */ = {
			isa = PBXContainerItemProxy;
			containerPortal = 07A64BF51B2C77BB0008EFF2 /* FFFoundation.xcodeproj */;
			proxyType = 2;
			remoteGlobalIDString = 07FF5E321A3761D1006928A9;
			remoteInfo = FFFoundationTests;
		};
		07F96F1E1CB7930E0012C546 /* PBXContainerItemProxy */ = {
			isa = PBXContainerItemProxy;
			containerPortal = 07A64BF51B2C77BB0008EFF2 /* FFFoundation.xcodeproj */;
			proxyType = 2;
			remoteGlobalIDString = 07D72E821CB53DFC006FDB41;
			remoteInfo = "FFFoundation Mac";
		};
/* End PBXContainerItemProxy section */

/* Begin PBXFileReference section */
		0700FD971A73F22B00570B96 /* MOCEntitiesObserver.swift */ = {isa = PBXFileReference; fileEncoding = 4; lastKnownFileType = sourcecode.swift; path = MOCEntitiesObserver.swift; sourceTree = "<group>"; };
		07300CB21BD3F51C00C1644E /* NSManagedObject+FFFindOrCreate.h */ = {isa = PBXFileReference; fileEncoding = 4; lastKnownFileType = sourcecode.c.h; path = "NSManagedObject+FFFindOrCreate.h"; sourceTree = "<group>"; };
		07300CB31BD3F51C00C1644E /* NSManagedObject+FFFindOrCreate.m */ = {isa = PBXFileReference; fileEncoding = 4; lastKnownFileType = sourcecode.c.objc; path = "NSManagedObject+FFFindOrCreate.m"; sourceTree = "<group>"; };
		073518AC1CFC2E96001C05AA /* FFCoreData OS X Tests.xctest */ = {isa = PBXFileReference; explicitFileType = wrapper.cfbundle; includeInIndex = 0; path = "FFCoreData OS X Tests.xctest"; sourceTree = BUILT_PRODUCTS_DIR; };
		073518AE1CFC2E96001C05AA /* FFCoreData_OS_X_Tests.swift */ = {isa = PBXFileReference; lastKnownFileType = sourcecode.swift; path = FFCoreData_OS_X_Tests.swift; sourceTree = "<group>"; };
		073518B01CFC2E96001C05AA /* Info.plist */ = {isa = PBXFileReference; lastKnownFileType = text.plist.xml; path = Info.plist; sourceTree = "<group>"; };
		073518B81CFC3105001C05AA /* NSManagedObject+FFFindAndOrCreate_ObjC.h */ = {isa = PBXFileReference; fileEncoding = 4; lastKnownFileType = sourcecode.c.h; path = "NSManagedObject+FFFindAndOrCreate_ObjC.h"; sourceTree = "<group>"; };
		073518B91CFC3105001C05AA /* NSManagedObject+FFFindAndOrCreate_ObjC.m */ = {isa = PBXFileReference; fileEncoding = 4; lastKnownFileType = sourcecode.c.objc; path = "NSManagedObject+FFFindAndOrCreate_ObjC.m"; sourceTree = "<group>"; };
		073518C11CFC3267001C05AA /* NSManagedObject+FFFindAndOrCreateTypes.h */ = {isa = PBXFileReference; fileEncoding = 4; lastKnownFileType = sourcecode.c.h; path = "NSManagedObject+FFFindAndOrCreateTypes.h"; sourceTree = "<group>"; };
		073518C61CFC57FA001C05AA /* NSManagedObject+FFFind.h */ = {isa = PBXFileReference; fileEncoding = 4; lastKnownFileType = sourcecode.c.h; path = "NSManagedObject+FFFind.h"; sourceTree = "<group>"; };
		073518C71CFC57FA001C05AA /* NSManagedObject+FFFind.m */ = {isa = PBXFileReference; fileEncoding = 4; lastKnownFileType = sourcecode.c.objc; path = "NSManagedObject+FFFind.m"; sourceTree = "<group>"; };
		073518CC1CFC5866001C05AA /* NSManagedObject+FFEntity.h */ = {isa = PBXFileReference; fileEncoding = 4; lastKnownFileType = sourcecode.c.h; path = "NSManagedObject+FFEntity.h"; sourceTree = "<group>"; };
		073518CD1CFC5866001C05AA /* NSManagedObject+FFEntity.m */ = {isa = PBXFileReference; fileEncoding = 4; lastKnownFileType = sourcecode.c.objc; path = "NSManagedObject+FFEntity.m"; sourceTree = "<group>"; };
		073518D21CFC5A8F001C05AA /* NSManagedObject+FFCreate.h */ = {isa = PBXFileReference; fileEncoding = 4; lastKnownFileType = sourcecode.c.h; path = "NSManagedObject+FFCreate.h"; sourceTree = "<group>"; };
		073518D31CFC5A8F001C05AA /* NSManagedObject+FFCreate.m */ = {isa = PBXFileReference; fileEncoding = 4; lastKnownFileType = sourcecode.c.objc; path = "NSManagedObject+FFCreate.m"; sourceTree = "<group>"; };
		0741EB1F1B2C84B4002593F6 /* TestModel.xcdatamodel */ = {isa = PBXFileReference; lastKnownFileType = wrapper.xcdatamodel; path = TestModel.xcdatamodel; sourceTree = "<group>"; };
		0741EB231B2C85ED002593F6 /* FFCoreDataTests-Bridging-Header.h */ = {isa = PBXFileReference; lastKnownFileType = sourcecode.c.h; path = "FFCoreDataTests-Bridging-Header.h"; sourceTree = "<group>"; };
		0741EB241B2C85ED002593F6 /* TestEntity+CoreDataProperties.swift */ = {isa = PBXFileReference; fileEncoding = 4; lastKnownFileType = sourcecode.swift; path = "TestEntity+CoreDataProperties.swift"; sourceTree = "<group>"; };
		0741EB251B2C85ED002593F6 /* TestEntity.swift */ = {isa = PBXFileReference; fileEncoding = 4; lastKnownFileType = sourcecode.swift; path = TestEntity.swift; sourceTree = "<group>"; };
		0741EB281B2C8618002593F6 /* FFCoreDataTests.swift */ = {isa = PBXFileReference; fileEncoding = 4; lastKnownFileType = sourcecode.swift; path = FFCoreDataTests.swift; sourceTree = "<group>"; };
		076576941A73CC3500EEA793 /* ManagedObjectContextObserver.swift */ = {isa = PBXFileReference; fileEncoding = 4; lastKnownFileType = sourcecode.swift; path = ManagedObjectContextObserver.swift; sourceTree = "<group>"; };
		076576961A73D4D500EEA793 /* MOCObjectsObserver.swift */ = {isa = PBXFileReference; fileEncoding = 4; lastKnownFileType = sourcecode.swift; path = MOCObjectsObserver.swift; sourceTree = "<group>"; };
		07876A1619D41E7000F21E7D /* FFCoreData.framework */ = {isa = PBXFileReference; explicitFileType = wrapper.framework; includeInIndex = 0; path = FFCoreData.framework; sourceTree = BUILT_PRODUCTS_DIR; };
		07876A1A19D41E7000F21E7D /* Info.plist */ = {isa = PBXFileReference; lastKnownFileType = text.plist.xml; name = Info.plist; path = "FFCoreData iOS/Info.plist"; sourceTree = "<group>"; };
		07876A1B19D41E7000F21E7D /* FFCoreData.h */ = {isa = PBXFileReference; lastKnownFileType = sourcecode.c.h; path = FFCoreData.h; sourceTree = "<group>"; };
		07876A2119D41E7000F21E7D /* FFCoreData iOS.xctest */ = {isa = PBXFileReference; explicitFileType = wrapper.cfbundle; includeInIndex = 0; path = "FFCoreData iOS.xctest"; sourceTree = BUILT_PRODUCTS_DIR; };
		07876A2419D41E7000F21E7D /* Info.plist */ = {isa = PBXFileReference; lastKnownFileType = text.plist.xml; path = Info.plist; sourceTree = "<group>"; };
		07A64BE81B2C240F0008EFF2 /* UIKitFetchedResultsControllerDelegate.swift */ = {isa = PBXFileReference; fileEncoding = 4; lastKnownFileType = sourcecode.swift; path = UIKitFetchedResultsControllerDelegate.swift; sourceTree = "<group>"; };
		07A64BEA1B2C266A0008EFF2 /* TableViewFetchedResultsControllerDelegate.swift */ = {isa = PBXFileReference; fileEncoding = 4; lastKnownFileType = sourcecode.swift; path = TableViewFetchedResultsControllerDelegate.swift; sourceTree = "<group>"; };
		07A64BEC1B2C29A30008EFF2 /* CollectionViewFetchedResultsControllerDelegate.swift */ = {isa = PBXFileReference; fileEncoding = 4; lastKnownFileType = sourcecode.swift; path = CollectionViewFetchedResultsControllerDelegate.swift; sourceTree = "<group>"; };
		07A64BEE1B2C3B940008EFF2 /* TableViewDataSource.swift */ = {isa = PBXFileReference; fileEncoding = 4; lastKnownFileType = sourcecode.swift; path = TableViewDataSource.swift; sourceTree = "<group>"; };
		07A64BF01B2C4CCB0008EFF2 /* CollectionViewDataSource.swift */ = {isa = PBXFileReference; fileEncoding = 4; lastKnownFileType = sourcecode.swift; path = CollectionViewDataSource.swift; sourceTree = "<group>"; };
		07A64BF21B2C53480008EFF2 /* NSManagedObject+FindAndOrCreate.swift */ = {isa = PBXFileReference; fileEncoding = 4; lastKnownFileType = sourcecode.swift; path = "NSManagedObject+FindAndOrCreate.swift"; sourceTree = "<group>"; };
		07A64BF51B2C77BB0008EFF2 /* FFFoundation.xcodeproj */ = {isa = PBXFileReference; lastKnownFileType = "wrapper.pb-project"; name = FFFoundation.xcodeproj; path = Submodules/FFFoundation/FFFoundation/FFFoundation.xcodeproj; sourceTree = SOURCE_ROOT; };
		07AA24371B28037E00FA689B /* CoreDataManager.swift */ = {isa = PBXFileReference; fileEncoding = 4; lastKnownFileType = sourcecode.swift; path = CoreDataManager.swift; sourceTree = "<group>"; };
		07AA24391B2A0F0900FA689B /* FetchedResulsControllerDelegate.swift */ = {isa = PBXFileReference; fileEncoding = 4; lastKnownFileType = sourcecode.swift; path = FetchedResulsControllerDelegate.swift; sourceTree = "<group>"; };
		07F96F141CB7930E0012C546 /* FFCoreData.framework */ = {isa = PBXFileReference; explicitFileType = wrapper.framework; includeInIndex = 0; path = FFCoreData.framework; sourceTree = BUILT_PRODUCTS_DIR; };
		07F96F181CB7930E0012C546 /* Info.plist */ = {isa = PBXFileReference; lastKnownFileType = text.plist.xml; path = Info.plist; sourceTree = "<group>"; };
/* End PBXFileReference section */

/* Begin PBXFrameworksBuildPhase section */
		073518A91CFC2E96001C05AA /* Frameworks */ = {
			isa = PBXFrameworksBuildPhase;
			buildActionMask = 2147483647;
			files = (
				073518B11CFC2E96001C05AA /* FFCoreData.framework in Frameworks */,
			);
			runOnlyForDeploymentPostprocessing = 0;
		};
		07876A1219D41E7000F21E7D /* Frameworks */ = {
			isa = PBXFrameworksBuildPhase;
			buildActionMask = 2147483647;
			files = (
				07A64BFE1B2C77C40008EFF2 /* FFFoundation.framework in Frameworks */,
			);
			runOnlyForDeploymentPostprocessing = 0;
		};
		07876A1E19D41E7000F21E7D /* Frameworks */ = {
			isa = PBXFrameworksBuildPhase;
			buildActionMask = 2147483647;
			files = (
				0741EB2C1B2DEBC5002593F6 /* FFCoreData.framework in Frameworks */,
			);
			runOnlyForDeploymentPostprocessing = 0;
		};
		07F96F101CB7930E0012C546 /* Frameworks */ = {
			isa = PBXFrameworksBuildPhase;
			buildActionMask = 2147483647;
			files = (
				07D8F05A1CB795CB00245BC5 /* FFFoundation.framework in Frameworks */,
			);
			runOnlyForDeploymentPostprocessing = 0;
		};
/* End PBXFrameworksBuildPhase section */

/* Begin PBXGroup section */
		071D620319D4BB3800C1999D /* Delegates */ = {
			isa = PBXGroup;
			children = (
				07A64BE81B2C240F0008EFF2 /* UIKitFetchedResultsControllerDelegate.swift */,
				07A64BEA1B2C266A0008EFF2 /* TableViewFetchedResultsControllerDelegate.swift */,
				07A64BEC1B2C29A30008EFF2 /* CollectionViewFetchedResultsControllerDelegate.swift */,
			);
			name = Delegates;
			sourceTree = "<group>";
		};
		071D620419D4BB4100C1999D /* DataSources */ = {
			isa = PBXGroup;
			children = (
				07A64BEE1B2C3B940008EFF2 /* TableViewDataSource.swift */,
				07A64BF01B2C4CCB0008EFF2 /* CollectionViewDataSource.swift */,
			);
			name = DataSources;
			sourceTree = "<group>";
		};
		073518AD1CFC2E96001C05AA /* FFCoreData OS X Tests */ = {
			isa = PBXGroup;
			children = (
				073518AE1CFC2E96001C05AA /* FFCoreData_OS_X_Tests.swift */,
				073518B01CFC2E96001C05AA /* Info.plist */,
			);
			path = "FFCoreData OS X Tests";
			sourceTree = "<group>";
		};
		073518B71CFC2F3B001C05AA /* FFCoreData iOS */ = {
			isa = PBXGroup;
			children = (
				07876A1A19D41E7000F21E7D /* Info.plist */,
			);
			name = "FFCoreData iOS";
			sourceTree = "<group>";
		};
		0756A6C819D4669F00F42CFD /* UIKit */ = {
			isa = PBXGroup;
			children = (
				071D620419D4BB4100C1999D /* DataSources */,
				071D620319D4BB3800C1999D /* Delegates */,
			);
			name = UIKit;
			sourceTree = "<group>";
		};
		07593A031A36E2C900EDACD7 /* CoreDataManager */ = {
			isa = PBXGroup;
			children = (
				07AA24371B28037E00FA689B /* CoreDataManager.swift */,
			);
			name = CoreDataManager;
			sourceTree = "<group>";
		};
		076576931A73CC0400EEA793 /* ManagedObjectContext Observer */ = {
			isa = PBXGroup;
			children = (
				076576941A73CC3500EEA793 /* ManagedObjectContextObserver.swift */,
				076576961A73D4D500EEA793 /* MOCObjectsObserver.swift */,
				0700FD971A73F22B00570B96 /* MOCEntitiesObserver.swift */,
			);
			name = "ManagedObjectContext Observer";
			sourceTree = "<group>";
		};
		07876A0C19D41E7000F21E7D = {
			isa = PBXGroup;
			children = (
				07A64BF51B2C77BB0008EFF2 /* FFFoundation.xcodeproj */,
				07876A1819D41E7000F21E7D /* FFCoreData */,
				073518B71CFC2F3B001C05AA /* FFCoreData iOS */,
				07F96F151CB7930E0012C546 /* FFCoreData OSX */,
				07876A2219D41E7000F21E7D /* FFCoreData iOS Tests */,
				073518AD1CFC2E96001C05AA /* FFCoreData OS X Tests */,
				07876A1719D41E7000F21E7D /* Products */,
			);
			sourceTree = "<group>";
		};
		07876A1719D41E7000F21E7D /* Products */ = {
			isa = PBXGroup;
			children = (
				07876A1619D41E7000F21E7D /* FFCoreData.framework */,
				07876A2119D41E7000F21E7D /* FFCoreData iOS.xctest */,
				07F96F141CB7930E0012C546 /* FFCoreData.framework */,
				073518AC1CFC2E96001C05AA /* FFCoreData OS X Tests.xctest */,
			);
			name = Products;
			sourceTree = "<group>";
		};
		07876A1819D41E7000F21E7D /* FFCoreData */ = {
			isa = PBXGroup;
			children = (
				076576931A73CC0400EEA793 /* ManagedObjectContext Observer */,
				0756A6C819D4669F00F42CFD /* UIKit */,
				07876A4A19D433CC00F21E7D /* NSFetchedResultsController */,
				07876A4B19D4341600F21E7D /* NSManagedObject */,
				07593A031A36E2C900EDACD7 /* CoreDataManager */,
				07876A1B19D41E7000F21E7D /* FFCoreData.h */,
			);
			path = FFCoreData;
			sourceTree = "<group>";
		};
		07876A2219D41E7000F21E7D /* FFCoreData iOS Tests */ = {
			isa = PBXGroup;
			children = (
				0741EB241B2C85ED002593F6 /* TestEntity+CoreDataProperties.swift */,
				0741EB251B2C85ED002593F6 /* TestEntity.swift */,
				0741EB281B2C8618002593F6 /* FFCoreDataTests.swift */,
				0741EB1E1B2C84B4002593F6 /* TestModel.xcdatamodeld */,
				07876A2319D41E7000F21E7D /* Supporting Files */,
			);
			path = "FFCoreData iOS Tests";
			sourceTree = "<group>";
		};
		07876A2319D41E7000F21E7D /* Supporting Files */ = {
			isa = PBXGroup;
			children = (
				0741EB231B2C85ED002593F6 /* FFCoreDataTests-Bridging-Header.h */,
				07876A2419D41E7000F21E7D /* Info.plist */,
			);
			name = "Supporting Files";
			sourceTree = "<group>";
		};
		07876A4A19D433CC00F21E7D /* NSFetchedResultsController */ = {
			isa = PBXGroup;
			children = (
				07AA24391B2A0F0900FA689B /* FetchedResulsControllerDelegate.swift */,
			);
			name = NSFetchedResultsController;
			sourceTree = "<group>";
		};
		07876A4B19D4341600F21E7D /* NSManagedObject */ = {
			isa = PBXGroup;
			children = (
				07A64BF21B2C53480008EFF2 /* NSManagedObject+FindAndOrCreate.swift */,
				073518C11CFC3267001C05AA /* NSManagedObject+FFFindAndOrCreateTypes.h */,
				073518CC1CFC5866001C05AA /* NSManagedObject+FFEntity.h */,
				073518CD1CFC5866001C05AA /* NSManagedObject+FFEntity.m */,
				073518D21CFC5A8F001C05AA /* NSManagedObject+FFCreate.h */,
				073518D31CFC5A8F001C05AA /* NSManagedObject+FFCreate.m */,
				073518C61CFC57FA001C05AA /* NSManagedObject+FFFind.h */,
				073518C71CFC57FA001C05AA /* NSManagedObject+FFFind.m */,
				07300CB21BD3F51C00C1644E /* NSManagedObject+FFFindOrCreate.h */,
				07300CB31BD3F51C00C1644E /* NSManagedObject+FFFindOrCreate.m */,
				073518B81CFC3105001C05AA /* NSManagedObject+FFFindAndOrCreate_ObjC.h */,
				073518B91CFC3105001C05AA /* NSManagedObject+FFFindAndOrCreate_ObjC.m */,
			);
			name = NSManagedObject;
			sourceTree = "<group>";
		};
		07A64BF61B2C77BB0008EFF2 /* Products */ = {
			isa = PBXGroup;
			children = (
				07A64BFB1B2C77BB0008EFF2 /* FFFoundation.framework */,
				07F96F1F1CB7930E0012C546 /* FFFoundation.framework */,
				07A64BFD1B2C77BB0008EFF2 /* FFFoundation iOS Tests.xctest */,
				073518C01CFC322B001C05AA /* FFFoundation OS X Tests.xctest */,
			);
			name = Products;
			sourceTree = "<group>";
		};
		07F96F151CB7930E0012C546 /* FFCoreData OSX */ = {
			isa = PBXGroup;
			children = (
				07F96F181CB7930E0012C546 /* Info.plist */,
			);
			path = "FFCoreData OSX";
			sourceTree = "<group>";
		};
/* End PBXGroup section */

/* Begin PBXHeadersBuildPhase section */
		07876A1319D41E7000F21E7D /* Headers */ = {
			isa = PBXHeadersBuildPhase;
			buildActionMask = 2147483647;
			files = (
				073518C21CFC3267001C05AA /* NSManagedObject+FFFindAndOrCreateTypes.h in Headers */,
				073518D41CFC5A8F001C05AA /* NSManagedObject+FFCreate.h in Headers */,
				073518BA1CFC3105001C05AA /* NSManagedObject+FFFindAndOrCreate_ObjC.h in Headers */,
				07876A1C19D41E7000F21E7D /* FFCoreData.h in Headers */,
				073518C81CFC57FA001C05AA /* NSManagedObject+FFFind.h in Headers */,
				07300CB41BD3F51C00C1644E /* NSManagedObject+FFFindOrCreate.h in Headers */,
				073518CE1CFC5866001C05AA /* NSManagedObject+FFEntity.h in Headers */,
			);
			runOnlyForDeploymentPostprocessing = 0;
		};
		07F96F111CB7930E0012C546 /* Headers */ = {
			isa = PBXHeadersBuildPhase;
			buildActionMask = 2147483647;
			files = (
				073518C31CFC3267001C05AA /* NSManagedObject+FFFindAndOrCreateTypes.h in Headers */,
				073518D51CFC5A8F001C05AA /* NSManagedObject+FFCreate.h in Headers */,
				073518BB1CFC3105001C05AA /* NSManagedObject+FFFindAndOrCreate_ObjC.h in Headers */,
				07D8F0561CB794C400245BC5 /* NSManagedObject+FFFindOrCreate.h in Headers */,
				073518C91CFC57FA001C05AA /* NSManagedObject+FFFind.h in Headers */,
				07D8F0591CB794D300245BC5 /* FFCoreData.h in Headers */,
				073518CF1CFC5866001C05AA /* NSManagedObject+FFEntity.h in Headers */,
			);
			runOnlyForDeploymentPostprocessing = 0;
		};
/* End PBXHeadersBuildPhase section */

/* Begin PBXNativeTarget section */
		073518AB1CFC2E96001C05AA /* FFCoreData OS X Tests */ = {
			isa = PBXNativeTarget;
			buildConfigurationList = 073518B41CFC2E96001C05AA /* Build configuration list for PBXNativeTarget "FFCoreData OS X Tests" */;
			buildPhases = (
				073518A81CFC2E96001C05AA /* Sources */,
				073518A91CFC2E96001C05AA /* Frameworks */,
				073518AA1CFC2E96001C05AA /* Resources */,
			);
			buildRules = (
			);
			dependencies = (
				073518B31CFC2E96001C05AA /* PBXTargetDependency */,
			);
			name = "FFCoreData OS X Tests";
			productName = "FFCoreData OS X Tests";
			productReference = 073518AC1CFC2E96001C05AA /* FFCoreData OS X Tests.xctest */;
			productType = "com.apple.product-type.bundle.unit-test";
		};
		07876A1519D41E7000F21E7D /* FFCoreData iOS */ = {
			isa = PBXNativeTarget;
			buildConfigurationList = 07876A2919D41E7000F21E7D /* Build configuration list for PBXNativeTarget "FFCoreData iOS" */;
			buildPhases = (
				07876A1119D41E7000F21E7D /* Sources */,
				07876A1219D41E7000F21E7D /* Frameworks */,
				07876A1319D41E7000F21E7D /* Headers */,
				07876A1419D41E7000F21E7D /* Resources */,
			);
			buildRules = (
			);
			dependencies = (
			);
			name = "FFCoreData iOS";
			productName = FFCoreData;
			productReference = 07876A1619D41E7000F21E7D /* FFCoreData.framework */;
			productType = "com.apple.product-type.framework";
		};
		07876A2019D41E7000F21E7D /* FFCoreData iOS Tests */ = {
			isa = PBXNativeTarget;
			buildConfigurationList = 07876A2C19D41E7000F21E7D /* Build configuration list for PBXNativeTarget "FFCoreData iOS Tests" */;
			buildPhases = (
				07876A1D19D41E7000F21E7D /* Sources */,
				07876A1E19D41E7000F21E7D /* Frameworks */,
				07876A1F19D41E7000F21E7D /* Resources */,
			);
			buildRules = (
			);
			dependencies = (
				0741EB2B1B2DEBB0002593F6 /* PBXTargetDependency */,
			);
			name = "FFCoreData iOS Tests";
			productName = FFCoreDataTests;
			productReference = 07876A2119D41E7000F21E7D /* FFCoreData iOS.xctest */;
			productType = "com.apple.product-type.bundle.unit-test";
		};
		07F96F131CB7930E0012C546 /* FFCoreData OSX */ = {
			isa = PBXNativeTarget;
			buildConfigurationList = 07F96F201CB7930E0012C546 /* Build configuration list for PBXNativeTarget "FFCoreData OSX" */;
			buildPhases = (
				07F96F0F1CB7930E0012C546 /* Sources */,
				07F96F101CB7930E0012C546 /* Frameworks */,
				07F96F111CB7930E0012C546 /* Headers */,
				07F96F121CB7930E0012C546 /* Resources */,
			);
			buildRules = (
			);
			dependencies = (
			);
			name = "FFCoreData OSX";
			productName = "FFCoreData OSX";
			productReference = 07F96F141CB7930E0012C546 /* FFCoreData.framework */;
			productType = "com.apple.product-type.framework";
		};
/* End PBXNativeTarget section */

/* Begin PBXProject section */
		07876A0D19D41E7000F21E7D /* Project object */ = {
			isa = PBXProject;
			attributes = {
				CLASSPREFIX = FF;
				LastSwiftUpdateCheck = 0730;
				LastUpgradeCheck = 0800;
				ORGANIZATIONNAME = "Florian Friedrich";
				TargetAttributes = {
					073518AB1CFC2E96001C05AA = {
						CreatedOnToolsVersion = 7.3.1;
						LastSwiftMigration = 0800;
					};
					07876A1519D41E7000F21E7D = {
						CreatedOnToolsVersion = 6.0.1;
						LastSwiftMigration = 0800;
					};
					07876A2019D41E7000F21E7D = {
						CreatedOnToolsVersion = 6.0.1;
						LastSwiftMigration = 0800;
					};
					07F96F131CB7930E0012C546 = {
						CreatedOnToolsVersion = 7.3;
						LastSwiftMigration = 0800;
					};
				};
			};
			buildConfigurationList = 07876A1019D41E7000F21E7D /* Build configuration list for PBXProject "FFCoreData" */;
			compatibilityVersion = "Xcode 3.2";
			developmentRegion = English;
			hasScannedForEncodings = 0;
			knownRegions = (
				en,
			);
			mainGroup = 07876A0C19D41E7000F21E7D;
			productRefGroup = 07876A1719D41E7000F21E7D /* Products */;
			projectDirPath = "";
			projectReferences = (
				{
					ProductGroup = 07A64BF61B2C77BB0008EFF2 /* Products */;
					ProjectRef = 07A64BF51B2C77BB0008EFF2 /* FFFoundation.xcodeproj */;
				},
			);
			projectRoot = "";
			targets = (
				07876A1519D41E7000F21E7D /* FFCoreData iOS */,
				07F96F131CB7930E0012C546 /* FFCoreData OSX */,
				07876A2019D41E7000F21E7D /* FFCoreData iOS Tests */,
				073518AB1CFC2E96001C05AA /* FFCoreData OS X Tests */,
			);
		};
/* End PBXProject section */

/* Begin PBXReferenceProxy section */
		073518C01CFC322B001C05AA /* FFFoundation OS X Tests.xctest */ = {
			isa = PBXReferenceProxy;
			fileType = wrapper.cfbundle;
			path = "FFFoundation OS X Tests.xctest";
			remoteRef = 073518BF1CFC322B001C05AA /* PBXContainerItemProxy */;
			sourceTree = BUILT_PRODUCTS_DIR;
		};
		07A64BFB1B2C77BB0008EFF2 /* FFFoundation.framework */ = {
			isa = PBXReferenceProxy;
			fileType = wrapper.framework;
			path = FFFoundation.framework;
			remoteRef = 07A64BFA1B2C77BB0008EFF2 /* PBXContainerItemProxy */;
			sourceTree = BUILT_PRODUCTS_DIR;
		};
		07A64BFD1B2C77BB0008EFF2 /* FFFoundation iOS Tests.xctest */ = {
			isa = PBXReferenceProxy;
			fileType = wrapper.cfbundle;
			path = "FFFoundation iOS Tests.xctest";
			remoteRef = 07A64BFC1B2C77BB0008EFF2 /* PBXContainerItemProxy */;
			sourceTree = BUILT_PRODUCTS_DIR;
		};
		07F96F1F1CB7930E0012C546 /* FFFoundation.framework */ = {
			isa = PBXReferenceProxy;
			fileType = wrapper.framework;
			path = FFFoundation.framework;
			remoteRef = 07F96F1E1CB7930E0012C546 /* PBXContainerItemProxy */;
			sourceTree = BUILT_PRODUCTS_DIR;
		};
/* End PBXReferenceProxy section */

/* Begin PBXResourcesBuildPhase section */
		073518AA1CFC2E96001C05AA /* Resources */ = {
			isa = PBXResourcesBuildPhase;
			buildActionMask = 2147483647;
			files = (
			);
			runOnlyForDeploymentPostprocessing = 0;
		};
		07876A1419D41E7000F21E7D /* Resources */ = {
			isa = PBXResourcesBuildPhase;
			buildActionMask = 2147483647;
			files = (
			);
			runOnlyForDeploymentPostprocessing = 0;
		};
		07876A1F19D41E7000F21E7D /* Resources */ = {
			isa = PBXResourcesBuildPhase;
			buildActionMask = 2147483647;
			files = (
			);
			runOnlyForDeploymentPostprocessing = 0;
		};
		07F96F121CB7930E0012C546 /* Resources */ = {
			isa = PBXResourcesBuildPhase;
			buildActionMask = 2147483647;
			files = (
			);
			runOnlyForDeploymentPostprocessing = 0;
		};
/* End PBXResourcesBuildPhase section */

/* Begin PBXSourcesBuildPhase section */
		073518A81CFC2E96001C05AA /* Sources */ = {
			isa = PBXSourcesBuildPhase;
			buildActionMask = 2147483647;
			files = (
				073518AF1CFC2E96001C05AA /* FFCoreData_OS_X_Tests.swift in Sources */,
			);
			runOnlyForDeploymentPostprocessing = 0;
		};
		07876A1119D41E7000F21E7D /* Sources */ = {
			isa = PBXSourcesBuildPhase;
			buildActionMask = 2147483647;
			files = (
				07A64BE91B2C240F0008EFF2 /* UIKitFetchedResultsControllerDelegate.swift in Sources */,
				073518D61CFC5A8F001C05AA /* NSManagedObject+FFCreate.m in Sources */,
				073518CA1CFC57FA001C05AA /* NSManagedObject+FFFind.m in Sources */,
				073518BC1CFC3105001C05AA /* NSManagedObject+FFFindAndOrCreate_ObjC.m in Sources */,
				07A64BEB1B2C266A0008EFF2 /* TableViewFetchedResultsControllerDelegate.swift in Sources */,
				076576971A73D4D500EEA793 /* MOCObjectsObserver.swift in Sources */,
				07300CB51BD3F51C00C1644E /* NSManagedObject+FFFindOrCreate.m in Sources */,
				07AA243A1B2A0F0900FA689B /* FetchedResulsControllerDelegate.swift in Sources */,
				076576951A73CC3500EEA793 /* ManagedObjectContextObserver.swift in Sources */,
				07AA24381B28037E00FA689B /* CoreDataManager.swift in Sources */,
				0700FD981A73F22B00570B96 /* MOCEntitiesObserver.swift in Sources */,
				07A64BF11B2C4CCB0008EFF2 /* CollectionViewDataSource.swift in Sources */,
				07A64BED1B2C29A30008EFF2 /* CollectionViewFetchedResultsControllerDelegate.swift in Sources */,
				073518D01CFC5866001C05AA /* NSManagedObject+FFEntity.m in Sources */,
				07A64BEF1B2C3B940008EFF2 /* TableViewDataSource.swift in Sources */,
			);
			runOnlyForDeploymentPostprocessing = 0;
		};
		07876A1D19D41E7000F21E7D /* Sources */ = {
			isa = PBXSourcesBuildPhase;
			buildActionMask = 2147483647;
			files = (
				0741EB271B2C85ED002593F6 /* TestEntity.swift in Sources */,
				0741EB261B2C85ED002593F6 /* TestEntity+CoreDataProperties.swift in Sources */,
				0741EB201B2C84B4002593F6 /* TestModel.xcdatamodeld in Sources */,
				0741EB291B2C8618002593F6 /* FFCoreDataTests.swift in Sources */,
			);
			runOnlyForDeploymentPostprocessing = 0;
		};
		07F96F0F1CB7930E0012C546 /* Sources */ = {
			isa = PBXSourcesBuildPhase;
			buildActionMask = 2147483647;
			files = (
				07D8F0581CB794D000245BC5 /* CoreDataManager.swift in Sources */,
				073518BD1CFC3105001C05AA /* NSManagedObject+FFFindAndOrCreate_ObjC.m in Sources */,
				073518CB1CFC57FA001C05AA /* NSManagedObject+FFFind.m in Sources */,
				07D8F0531CB794A100245BC5 /* MOCObjectsObserver.swift in Sources */,
				07D8F0521CB7949C00245BC5 /* ManagedObjectContextObserver.swift in Sources */,
				07D8F0571CB794CB00245BC5 /* NSManagedObject+FFFindOrCreate.m in Sources */,
				073518D11CFC5866001C05AA /* NSManagedObject+FFEntity.m in Sources */,
				073518D71CFC5A8F001C05AA /* NSManagedObject+FFCreate.m in Sources */,
				07D8F0541CB794A500245BC5 /* MOCEntitiesObserver.swift in Sources */,
			);
			runOnlyForDeploymentPostprocessing = 0;
		};
/* End PBXSourcesBuildPhase section */

/* Begin PBXTargetDependency section */
		073518B31CFC2E96001C05AA /* PBXTargetDependency */ = {
			isa = PBXTargetDependency;
			target = 07F96F131CB7930E0012C546 /* FFCoreData OSX */;
			targetProxy = 073518B21CFC2E96001C05AA /* PBXContainerItemProxy */;
		};
		0741EB2B1B2DEBB0002593F6 /* PBXTargetDependency */ = {
			isa = PBXTargetDependency;
			target = 07876A1519D41E7000F21E7D /* FFCoreData iOS */;
			targetProxy = 0741EB2A1B2DEBB0002593F6 /* PBXContainerItemProxy */;
		};
/* End PBXTargetDependency section */

/* Begin XCBuildConfiguration section */
		073518B51CFC2E96001C05AA /* Debug */ = {
			isa = XCBuildConfiguration;
			buildSettings = {
				CLANG_ANALYZER_NONNULL = YES;
				CODE_SIGN_IDENTITY = "-";
				COMBINE_HIDPI_IMAGES = YES;
				DEBUG_INFORMATION_FORMAT = dwarf;
				GCC_NO_COMMON_BLOCKS = YES;
				INFOPLIST_FILE = "FFCoreData OS X Tests/Info.plist";
				LD_RUNPATH_SEARCH_PATHS = "$(inherited) @executable_path/../Frameworks @loader_path/../Frameworks";
				MACOSX_DEPLOYMENT_TARGET = 10.11;
				PRODUCT_BUNDLE_IDENTIFIER = "net.ffried.FFCoreData-OS-X-Tests";
				PRODUCT_NAME = "$(TARGET_NAME)";
				SDKROOT = macosx;
				SWIFT_OPTIMIZATION_LEVEL = "-Onone";
				SWIFT_VERSION = 3.0;
			};
			name = Debug;
		};
		073518B61CFC2E96001C05AA /* Release */ = {
			isa = XCBuildConfiguration;
			buildSettings = {
				CLANG_ANALYZER_NONNULL = YES;
				CODE_SIGN_IDENTITY = "-";
				COMBINE_HIDPI_IMAGES = YES;
				DEBUG_INFORMATION_FORMAT = "dwarf-with-dsym";
				GCC_NO_COMMON_BLOCKS = YES;
				INFOPLIST_FILE = "FFCoreData OS X Tests/Info.plist";
				LD_RUNPATH_SEARCH_PATHS = "$(inherited) @executable_path/../Frameworks @loader_path/../Frameworks";
				MACOSX_DEPLOYMENT_TARGET = 10.11;
				PRODUCT_BUNDLE_IDENTIFIER = "net.ffried.FFCoreData-OS-X-Tests";
				PRODUCT_NAME = "$(TARGET_NAME)";
				SDKROOT = macosx;
				SWIFT_OPTIMIZATION_LEVEL = "-Owholemodule";
				SWIFT_VERSION = 3.0;
			};
			name = Release;
		};
		07876A2719D41E7000F21E7D /* Debug */ = {
			isa = XCBuildConfiguration;
			buildSettings = {
				ALWAYS_SEARCH_USER_PATHS = NO;
				CLANG_CXX_LANGUAGE_STANDARD = "gnu++0x";
				CLANG_CXX_LIBRARY = "libc++";
				CLANG_ENABLE_MODULES = YES;
				CLANG_ENABLE_OBJC_ARC = YES;
				CLANG_WARN_BOOL_CONVERSION = YES;
				CLANG_WARN_CONSTANT_CONVERSION = YES;
				CLANG_WARN_DIRECT_OBJC_ISA_USAGE = YES_ERROR;
				CLANG_WARN_EMPTY_BODY = YES;
				CLANG_WARN_ENUM_CONVERSION = YES;
				CLANG_WARN_INFINITE_RECURSION = YES;
				CLANG_WARN_INT_CONVERSION = YES;
				CLANG_WARN_OBJC_ROOT_CLASS = YES_ERROR;
				CLANG_WARN_SUSPICIOUS_MOVE = YES;
				CLANG_WARN_UNREACHABLE_CODE = YES;
				CLANG_WARN__DUPLICATE_METHOD_MATCH = YES;
				CODE_SIGN_IDENTITY = "iPhone Developer";
				COPY_PHASE_STRIP = NO;
				CURRENT_PROJECT_VERSION = 1;
				ENABLE_STRICT_OBJC_MSGSEND = YES;
				ENABLE_TESTABILITY = YES;
				FRAMEWORK_NAME = FFCoreData;
				GCC_C_LANGUAGE_STANDARD = gnu99;
				GCC_DYNAMIC_NO_PIC = NO;
				GCC_NO_COMMON_BLOCKS = YES;
				GCC_OPTIMIZATION_LEVEL = 0;
				GCC_PREPROCESSOR_DEFINITIONS = (
					"DEBUG=1",
					"$(inherited)",
				);
				GCC_SYMBOLS_PRIVATE_EXTERN = NO;
				GCC_WARN_64_TO_32_BIT_CONVERSION = YES;
				GCC_WARN_ABOUT_RETURN_TYPE = YES_ERROR;
				GCC_WARN_UNDECLARED_SELECTOR = YES;
				GCC_WARN_UNINITIALIZED_AUTOS = YES_AGGRESSIVE;
				GCC_WARN_UNUSED_FUNCTION = YES;
				GCC_WARN_UNUSED_VARIABLE = YES;
				MTL_ENABLE_DEBUG_INFO = YES;
				ONLY_ACTIVE_ARCH = YES;
				PRODUCT_NAME = "$(FRAMEWORK_NAME)";
				TARGETED_DEVICE_FAMILY = "1,2";
				VERSIONING_SYSTEM = "apple-generic";
				VERSION_INFO_PREFIX = "";
			};
			name = Debug;
		};
		07876A2819D41E7000F21E7D /* Release */ = {
			isa = XCBuildConfiguration;
			buildSettings = {
				ALWAYS_SEARCH_USER_PATHS = NO;
				CLANG_CXX_LANGUAGE_STANDARD = "gnu++0x";
				CLANG_CXX_LIBRARY = "libc++";
				CLANG_ENABLE_MODULES = YES;
				CLANG_ENABLE_OBJC_ARC = YES;
				CLANG_WARN_BOOL_CONVERSION = YES;
				CLANG_WARN_CONSTANT_CONVERSION = YES;
				CLANG_WARN_DIRECT_OBJC_ISA_USAGE = YES_ERROR;
				CLANG_WARN_EMPTY_BODY = YES;
				CLANG_WARN_ENUM_CONVERSION = YES;
				CLANG_WARN_INFINITE_RECURSION = YES;
				CLANG_WARN_INT_CONVERSION = YES;
				CLANG_WARN_OBJC_ROOT_CLASS = YES_ERROR;
				CLANG_WARN_SUSPICIOUS_MOVE = YES;
				CLANG_WARN_UNREACHABLE_CODE = YES;
				CLANG_WARN__DUPLICATE_METHOD_MATCH = YES;
				CODE_SIGN_IDENTITY = "iPhone Distribution";
				COPY_PHASE_STRIP = NO;
				CURRENT_PROJECT_VERSION = 1;
				ENABLE_NS_ASSERTIONS = NO;
				ENABLE_STRICT_OBJC_MSGSEND = YES;
				FRAMEWORK_NAME = FFCoreData;
				GCC_C_LANGUAGE_STANDARD = gnu99;
				GCC_NO_COMMON_BLOCKS = YES;
				GCC_WARN_64_TO_32_BIT_CONVERSION = YES;
				GCC_WARN_ABOUT_RETURN_TYPE = YES_ERROR;
				GCC_WARN_UNDECLARED_SELECTOR = YES;
				GCC_WARN_UNINITIALIZED_AUTOS = YES_AGGRESSIVE;
				GCC_WARN_UNUSED_FUNCTION = YES;
				GCC_WARN_UNUSED_VARIABLE = YES;
				MTL_ENABLE_DEBUG_INFO = NO;
				PRODUCT_NAME = "$(FRAMEWORK_NAME)";
				TARGETED_DEVICE_FAMILY = "1,2";
				VALIDATE_PRODUCT = YES;
				VERSIONING_SYSTEM = "apple-generic";
				VERSION_INFO_PREFIX = "";
			};
			name = Release;
		};
		07876A2A19D41E7000F21E7D /* Debug */ = {
			isa = XCBuildConfiguration;
			buildSettings = {
				CLANG_ENABLE_MODULES = YES;
				DEFINES_MODULE = YES;
				DYLIB_COMPATIBILITY_VERSION = 1;
				DYLIB_CURRENT_VERSION = 1;
				DYLIB_INSTALL_NAME_BASE = "@rpath";
				INFOPLIST_FILE = "FFCoreData iOS/Info.plist";
				INSTALL_PATH = "$(LOCAL_LIBRARY_DIR)/Frameworks";
				IPHONEOS_DEPLOYMENT_TARGET = 8.0;
				LD_RUNPATH_SEARCH_PATHS = "$(inherited) @executable_path/Frameworks @loader_path/Frameworks";
				PRODUCT_BUNDLE_IDENTIFIER = "net.ffried.$(PRODUCT_NAME:rfc1034identifier)";
				SDKROOT = iphoneos;
				SKIP_INSTALL = YES;
				SWIFT_OPTIMIZATION_LEVEL = "-Onone";
				SWIFT_VERSION = 3.0;
			};
			name = Debug;
		};
		07876A2B19D41E7000F21E7D /* Release */ = {
			isa = XCBuildConfiguration;
			buildSettings = {
				CLANG_ENABLE_MODULES = YES;
				DEFINES_MODULE = YES;
				DYLIB_COMPATIBILITY_VERSION = 1;
				DYLIB_CURRENT_VERSION = 1;
				DYLIB_INSTALL_NAME_BASE = "@rpath";
				INFOPLIST_FILE = "FFCoreData iOS/Info.plist";
				INSTALL_PATH = "$(LOCAL_LIBRARY_DIR)/Frameworks";
				IPHONEOS_DEPLOYMENT_TARGET = 8.0;
				LD_RUNPATH_SEARCH_PATHS = "$(inherited) @executable_path/Frameworks @loader_path/Frameworks";
				PRODUCT_BUNDLE_IDENTIFIER = "net.ffried.$(PRODUCT_NAME:rfc1034identifier)";
				SDKROOT = iphoneos;
				SKIP_INSTALL = YES;
				SWIFT_OPTIMIZATION_LEVEL = "-Owholemodule";
				SWIFT_VERSION = 3.0;
			};
			name = Release;
		};
		07876A2D19D41E7000F21E7D /* Debug */ = {
			isa = XCBuildConfiguration;
			buildSettings = {
				CLANG_ENABLE_MODULES = YES;
				CODE_SIGN_IDENTITY = "";
				COMBINE_HIDPI_IMAGES = YES;
				FRAMEWORK_SEARCH_PATHS = (
					"$(SDKROOT)/Developer/Library/Frameworks",
					"$(inherited)",
				);
				GCC_PREPROCESSOR_DEFINITIONS = (
					"DEBUG=1",
					"$(inherited)",
				);
				INFOPLIST_FILE = FFCoreDataTests/Info.plist;
				LD_RUNPATH_SEARCH_PATHS = "$(inherited) @executable_path/Frameworks @loader_path/Frameworks";
				PRODUCT_BUNDLE_IDENTIFIER = "net.ffried.$(PRODUCT_NAME:rfc1034identifier)";
				PRODUCT_NAME = "FFCoreData iOS";
				SWIFT_OBJC_BRIDGING_HEADER = "FFCoreDataTests/FFCoreDataTests-Bridging-Header.h";
				SWIFT_OPTIMIZATION_LEVEL = "-Onone";
				SWIFT_VERSION = 3.0;
			};
			name = Debug;
		};
		07876A2E19D41E7000F21E7D /* Release */ = {
			isa = XCBuildConfiguration;
			buildSettings = {
				CLANG_ENABLE_MODULES = YES;
				CODE_SIGN_IDENTITY = "";
				COMBINE_HIDPI_IMAGES = YES;
				FRAMEWORK_SEARCH_PATHS = (
					"$(SDKROOT)/Developer/Library/Frameworks",
					"$(inherited)",
				);
				INFOPLIST_FILE = FFCoreDataTests/Info.plist;
				LD_RUNPATH_SEARCH_PATHS = "$(inherited) @executable_path/Frameworks @loader_path/Frameworks";
				PRODUCT_BUNDLE_IDENTIFIER = "net.ffried.$(PRODUCT_NAME:rfc1034identifier)";
				PRODUCT_NAME = "FFCoreData iOS";
				SWIFT_OBJC_BRIDGING_HEADER = "FFCoreDataTests/FFCoreDataTests-Bridging-Header.h";
				SWIFT_OPTIMIZATION_LEVEL = "-Owholemodule";
				SWIFT_VERSION = 3.0;
			};
			name = Release;
		};
		07F96F191CB7930E0012C546 /* Debug */ = {
			isa = XCBuildConfiguration;
			buildSettings = {
				CLANG_ANALYZER_NONNULL = YES;
				CODE_SIGN_IDENTITY = "";
				COMBINE_HIDPI_IMAGES = YES;
				DEBUG_INFORMATION_FORMAT = dwarf;
				DEFINES_MODULE = YES;
				DYLIB_COMPATIBILITY_VERSION = 1;
				DYLIB_CURRENT_VERSION = 1;
				DYLIB_INSTALL_NAME_BASE = "@rpath";
				FRAMEWORK_VERSION = A;
				GCC_NO_COMMON_BLOCKS = YES;
				INFOPLIST_FILE = "FFCoreData OSX/Info.plist";
				INSTALL_PATH = "$(LOCAL_LIBRARY_DIR)/Frameworks";
				LD_RUNPATH_SEARCH_PATHS = "$(inherited) @executable_path/../Frameworks @loader_path/Frameworks";
				MACOSX_DEPLOYMENT_TARGET = 10.10;
				PRODUCT_BUNDLE_IDENTIFIER = "net.ffried.$(PRODUCT_NAME:rfc1034identifier)";
				SDKROOT = macosx;
				SKIP_INSTALL = YES;
				SWIFT_OPTIMIZATION_LEVEL = "-Onone";
				SWIFT_VERSION = 3.0;
			};
			name = Debug;
		};
		07F96F1A1CB7930E0012C546 /* Release */ = {
			isa = XCBuildConfiguration;
			buildSettings = {
				CLANG_ANALYZER_NONNULL = YES;
				CODE_SIGN_IDENTITY = "";
				COMBINE_HIDPI_IMAGES = YES;
				DEBUG_INFORMATION_FORMAT = "dwarf-with-dsym";
				DEFINES_MODULE = YES;
				DYLIB_COMPATIBILITY_VERSION = 1;
				DYLIB_CURRENT_VERSION = 1;
				DYLIB_INSTALL_NAME_BASE = "@rpath";
				FRAMEWORK_VERSION = A;
				GCC_NO_COMMON_BLOCKS = YES;
				INFOPLIST_FILE = "FFCoreData OSX/Info.plist";
				INSTALL_PATH = "$(LOCAL_LIBRARY_DIR)/Frameworks";
				LD_RUNPATH_SEARCH_PATHS = "$(inherited) @executable_path/../Frameworks @loader_path/Frameworks";
				MACOSX_DEPLOYMENT_TARGET = 10.10;
				PRODUCT_BUNDLE_IDENTIFIER = "net.ffried.$(PRODUCT_NAME:rfc1034identifier)";
				SDKROOT = macosx;
				SKIP_INSTALL = YES;
				SWIFT_OPTIMIZATION_LEVEL = "-Owholemodule";
				SWIFT_VERSION = 3.0;
			};
			name = Release;
		};
/* End XCBuildConfiguration section */

/* Begin XCConfigurationList section */
		073518B41CFC2E96001C05AA /* Build configuration list for PBXNativeTarget "FFCoreData OS X Tests" */ = {
			isa = XCConfigurationList;
			buildConfigurations = (
				073518B51CFC2E96001C05AA /* Debug */,
				073518B61CFC2E96001C05AA /* Release */,
			);
			defaultConfigurationIsVisible = 0;
			defaultConfigurationName = Release;
		};
		07876A1019D41E7000F21E7D /* Build configuration list for PBXProject "FFCoreData" */ = {
			isa = XCConfigurationList;
			buildConfigurations = (
				07876A2719D41E7000F21E7D /* Debug */,
				07876A2819D41E7000F21E7D /* Release */,
			);
			defaultConfigurationIsVisible = 0;
			defaultConfigurationName = Release;
		};
		07876A2919D41E7000F21E7D /* Build configuration list for PBXNativeTarget "FFCoreData iOS" */ = {
			isa = XCConfigurationList;
			buildConfigurations = (
				07876A2A19D41E7000F21E7D /* Debug */,
				07876A2B19D41E7000F21E7D /* Release */,
			);
			defaultConfigurationIsVisible = 0;
			defaultConfigurationName = Release;
		};
		07876A2C19D41E7000F21E7D /* Build configuration list for PBXNativeTarget "FFCoreData iOS Tests" */ = {
			isa = XCConfigurationList;
			buildConfigurations = (
				07876A2D19D41E7000F21E7D /* Debug */,
				07876A2E19D41E7000F21E7D /* Release */,
			);
			defaultConfigurationIsVisible = 0;
			defaultConfigurationName = Release;
		};
		07F96F201CB7930E0012C546 /* Build configuration list for PBXNativeTarget "FFCoreData OSX" */ = {
			isa = XCConfigurationList;
			buildConfigurations = (
				07F96F191CB7930E0012C546 /* Debug */,
				07F96F1A1CB7930E0012C546 /* Release */,
			);
			defaultConfigurationIsVisible = 0;
			defaultConfigurationName = Release;
		};
/* End XCConfigurationList section */

/* Begin XCVersionGroup section */
		0741EB1E1B2C84B4002593F6 /* TestModel.xcdatamodeld */ = {
			isa = XCVersionGroup;
			children = (
				0741EB1F1B2C84B4002593F6 /* TestModel.xcdatamodel */,
			);
			currentVersion = 0741EB1F1B2C84B4002593F6 /* TestModel.xcdatamodel */;
			path = TestModel.xcdatamodeld;
			sourceTree = "<group>";
			versionGroupType = wrapper.xcdatamodel;
		};
/* End XCVersionGroup section */
	};
	rootObject = 07876A0D19D41E7000F21E7D /* Project object */;
}
