// !$*UTF8*$!
{
	archiveVersion = 1;
	classes = {
	};
	objectVersion = 50;
	objects = {

/* Begin PBXBuildFile section */
		0700917922D36E2700666C08 /* MOCBlockObservers.swift in Sources */ = {isa = PBXBuildFile; fileRef = 0700917822D36E2700666C08 /* MOCBlockObservers.swift */; };
		0700917B22D373A500666C08 /* MOCChangePublisher.swift in Sources */ = {isa = PBXBuildFile; fileRef = 0700917A22D373A500666C08 /* MOCChangePublisher.swift */; };
		0700918122D4676E00666C08 /* NSFetchedResultsPublisher.swift in Sources */ = {isa = PBXBuildFile; fileRef = 0700918022D4676E00666C08 /* NSFetchedResultsPublisher.swift */; };
		0714084F1E7FF504004318C9 /* FFCoreData.framework in Frameworks */ = {isa = PBXBuildFile; fileRef = 071408461E7FF504004318C9 /* FFCoreData.framework */; };
		071408721E7FFDD8004318C9 /* FFCoreDataTests.swift in Sources */ = {isa = PBXBuildFile; fileRef = 07F82FDC1DAA7ADA00DBCBAA /* FFCoreDataTests.swift */; };
		071408751E7FFDE4004318C9 /* TestModel.xcdatamodeld in Sources */ = {isa = PBXBuildFile; fileRef = 07F82FDF1DAA7ADA00DBCBAA /* TestModel.xcdatamodeld */; };
		071408771E8001C1004318C9 /* FFCoreData.h in Headers */ = {isa = PBXBuildFile; fileRef = 07876A1B19D41E7000F21E7D /* FFCoreData.h */; settings = {ATTRIBUTES = (Public, ); }; };
		0747F31D210B53CF009BFDAD /* Logging.swift in Sources */ = {isa = PBXBuildFile; fileRef = 0747F31C210B53CF009BFDAD /* Logging.swift */; };
		0762C951207BA68700F9F0A8 /* MOCObserver.swift in Sources */ = {isa = PBXBuildFile; fileRef = 0762C94E207BA68700F9F0A8 /* MOCObserver.swift */; };
		0762C952207BA68700F9F0A8 /* MOCObjectsObserver.swift in Sources */ = {isa = PBXBuildFile; fileRef = 0762C94F207BA68700F9F0A8 /* MOCObjectsObserver.swift */; };
		0762C953207BA68700F9F0A8 /* MOCEntitiesFilter.swift in Sources */ = {isa = PBXBuildFile; fileRef = 0762C950207BA68700F9F0A8 /* MOCEntitiesFilter.swift */; };
		0762C963207BA6EC00F9F0A8 /* CoreDataManager.swift in Sources */ = {isa = PBXBuildFile; fileRef = 0762C955207BA6EC00F9F0A8 /* CoreDataManager.swift */; };
		0762C964207BA6EC00F9F0A8 /* FetchedResulsControllerDelegate.swift in Sources */ = {isa = PBXBuildFile; fileRef = 0762C957207BA6EC00F9F0A8 /* FetchedResulsControllerDelegate.swift */; };
		0762C965207BA6EC00F9F0A8 /* CollectionViewDataSource.swift in Sources */ = {isa = PBXBuildFile; fileRef = 0762C95A207BA6EC00F9F0A8 /* CollectionViewDataSource.swift */; };
		0762C966207BA6EC00F9F0A8 /* TableViewDataSource.swift in Sources */ = {isa = PBXBuildFile; fileRef = 0762C95B207BA6EC00F9F0A8 /* TableViewDataSource.swift */; };
		0762C967207BA6EC00F9F0A8 /* CollectionViewFetchedResultsControllerDelegate.swift in Sources */ = {isa = PBXBuildFile; fileRef = 0762C95D207BA6EC00F9F0A8 /* CollectionViewFetchedResultsControllerDelegate.swift */; };
		0762C968207BA6EC00F9F0A8 /* TableViewFetchedResultsControllerDelegate.swift in Sources */ = {isa = PBXBuildFile; fileRef = 0762C95E207BA6EC00F9F0A8 /* TableViewFetchedResultsControllerDelegate.swift */; };
		0762C969207BA6EC00F9F0A8 /* UIKitFetchedResultsControllerDelegate.swift in Sources */ = {isa = PBXBuildFile; fileRef = 0762C95F207BA6EC00F9F0A8 /* UIKitFetchedResultsControllerDelegate.swift */; };
		0762C96A207BA6EC00F9F0A8 /* NSManagedObject+FindAndOrCreate.swift in Sources */ = {isa = PBXBuildFile; fileRef = 0762C961207BA6EC00F9F0A8 /* NSManagedObject+FindAndOrCreate.swift */; };
		0762C96B207BA6EC00F9F0A8 /* CoreDataDecodable.swift in Sources */ = {isa = PBXBuildFile; fileRef = 0762C962207BA6EC00F9F0A8 /* CoreDataDecodable.swift */; };
		077C041020F8C4030074BEFA /* SwiftSupport.swift in Sources */ = {isa = PBXBuildFile; fileRef = 077C040F20F8C4030074BEFA /* SwiftSupport.swift */; };
		07A0E41420C16F8100685192 /* TestConfiguration.swift in Sources */ = {isa = PBXBuildFile; fileRef = 07A0E41220C16F7600685192 /* TestConfiguration.swift */; };
		07AE934820C1545D00B3C983 /* CoreDataDecodableTests.swift in Sources */ = {isa = PBXBuildFile; fileRef = 07AE934620C1544100B3C983 /* CoreDataDecodableTests.swift */; };
		07F2F4981FB049700064559C /* FFFoundation.framework in Frameworks */ = {isa = PBXBuildFile; fileRef = 07F2F4991FB049700064559C /* FFFoundation.framework */; };
/* End PBXBuildFile section */

/* Begin PBXContainerItemProxy section */
		071408501E7FF504004318C9 /* PBXContainerItemProxy */ = {
			isa = PBXContainerItemProxy;
			containerPortal = 07876A0D19D41E7000F21E7D /* Project object */;
			proxyType = 1;
			remoteGlobalIDString = 071408451E7FF504004318C9;
			remoteInfo = FFCoreData;
		};
/* End PBXContainerItemProxy section */

/* Begin PBXFileReference section */
		0700917822D36E2700666C08 /* MOCBlockObservers.swift */ = {isa = PBXFileReference; lastKnownFileType = sourcecode.swift; path = MOCBlockObservers.swift; sourceTree = "<group>"; };
		0700917A22D373A500666C08 /* MOCChangePublisher.swift */ = {isa = PBXFileReference; lastKnownFileType = sourcecode.swift; path = MOCChangePublisher.swift; sourceTree = "<group>"; };
		0700918022D4676E00666C08 /* NSFetchedResultsPublisher.swift */ = {isa = PBXFileReference; lastKnownFileType = sourcecode.swift; path = NSFetchedResultsPublisher.swift; sourceTree = "<group>"; };
		071408461E7FF504004318C9 /* FFCoreData.framework */ = {isa = PBXFileReference; explicitFileType = wrapper.framework; includeInIndex = 0; path = FFCoreData.framework; sourceTree = BUILT_PRODUCTS_DIR; };
		0714084E1E7FF504004318C9 /* FFCoreDataTests.xctest */ = {isa = PBXFileReference; explicitFileType = wrapper.cfbundle; includeInIndex = 0; path = FFCoreDataTests.xctest; sourceTree = BUILT_PRODUCTS_DIR; };
		071408761E7FFEC0004318C9 /* Info.plist */ = {isa = PBXFileReference; lastKnownFileType = text.plist.xml; path = Info.plist; sourceTree = "<group>"; };
		0747F31C210B53CF009BFDAD /* Logging.swift */ = {isa = PBXFileReference; lastKnownFileType = sourcecode.swift; path = Logging.swift; sourceTree = "<group>"; };
		0762C94E207BA68700F9F0A8 /* MOCObserver.swift */ = {isa = PBXFileReference; fileEncoding = 4; lastKnownFileType = sourcecode.swift; path = MOCObserver.swift; sourceTree = "<group>"; };
		0762C94F207BA68700F9F0A8 /* MOCObjectsObserver.swift */ = {isa = PBXFileReference; fileEncoding = 4; lastKnownFileType = sourcecode.swift; path = MOCObjectsObserver.swift; sourceTree = "<group>"; };
		0762C950207BA68700F9F0A8 /* MOCEntitiesFilter.swift */ = {isa = PBXFileReference; fileEncoding = 4; lastKnownFileType = sourcecode.swift; path = MOCEntitiesFilter.swift; sourceTree = "<group>"; };
		0762C955207BA6EC00F9F0A8 /* CoreDataManager.swift */ = {isa = PBXFileReference; fileEncoding = 4; lastKnownFileType = sourcecode.swift; path = CoreDataManager.swift; sourceTree = "<group>"; };
		0762C957207BA6EC00F9F0A8 /* FetchedResulsControllerDelegate.swift */ = {isa = PBXFileReference; fileEncoding = 4; lastKnownFileType = sourcecode.swift; path = FetchedResulsControllerDelegate.swift; sourceTree = "<group>"; };
		0762C95A207BA6EC00F9F0A8 /* CollectionViewDataSource.swift */ = {isa = PBXFileReference; fileEncoding = 4; lastKnownFileType = sourcecode.swift; path = CollectionViewDataSource.swift; sourceTree = "<group>"; };
		0762C95B207BA6EC00F9F0A8 /* TableViewDataSource.swift */ = {isa = PBXFileReference; fileEncoding = 4; lastKnownFileType = sourcecode.swift; path = TableViewDataSource.swift; sourceTree = "<group>"; };
		0762C95D207BA6EC00F9F0A8 /* CollectionViewFetchedResultsControllerDelegate.swift */ = {isa = PBXFileReference; fileEncoding = 4; lastKnownFileType = sourcecode.swift; path = CollectionViewFetchedResultsControllerDelegate.swift; sourceTree = "<group>"; };
		0762C95E207BA6EC00F9F0A8 /* TableViewFetchedResultsControllerDelegate.swift */ = {isa = PBXFileReference; fileEncoding = 4; lastKnownFileType = sourcecode.swift; path = TableViewFetchedResultsControllerDelegate.swift; sourceTree = "<group>"; };
		0762C95F207BA6EC00F9F0A8 /* UIKitFetchedResultsControllerDelegate.swift */ = {isa = PBXFileReference; fileEncoding = 4; lastKnownFileType = sourcecode.swift; path = UIKitFetchedResultsControllerDelegate.swift; sourceTree = "<group>"; };
		0762C961207BA6EC00F9F0A8 /* NSManagedObject+FindAndOrCreate.swift */ = {isa = PBXFileReference; fileEncoding = 4; lastKnownFileType = sourcecode.swift; path = "NSManagedObject+FindAndOrCreate.swift"; sourceTree = "<group>"; };
		0762C962207BA6EC00F9F0A8 /* CoreDataDecodable.swift */ = {isa = PBXFileReference; fileEncoding = 4; lastKnownFileType = sourcecode.swift; path = CoreDataDecodable.swift; sourceTree = "<group>"; };
		077C040F20F8C4030074BEFA /* SwiftSupport.swift */ = {isa = PBXFileReference; lastKnownFileType = sourcecode.swift; path = SwiftSupport.swift; sourceTree = "<group>"; };
		07876A1B19D41E7000F21E7D /* FFCoreData.h */ = {isa = PBXFileReference; lastKnownFileType = sourcecode.c.h; path = FFCoreData.h; sourceTree = "<group>"; };
		07A0E41220C16F7600685192 /* TestConfiguration.swift */ = {isa = PBXFileReference; lastKnownFileType = sourcecode.swift; path = TestConfiguration.swift; sourceTree = "<group>"; };
		07AE934620C1544100B3C983 /* CoreDataDecodableTests.swift */ = {isa = PBXFileReference; lastKnownFileType = sourcecode.swift; path = CoreDataDecodableTests.swift; sourceTree = "<group>"; };
		07F2F4991FB049700064559C /* FFFoundation.framework */ = {isa = PBXFileReference; explicitFileType = wrapper.framework; path = FFFoundation.framework; sourceTree = BUILT_PRODUCTS_DIR; };
		07F82FDC1DAA7ADA00DBCBAA /* FFCoreDataTests.swift */ = {isa = PBXFileReference; fileEncoding = 4; lastKnownFileType = sourcecode.swift; path = FFCoreDataTests.swift; sourceTree = "<group>"; };
		07F82FE01DAA7ADA00DBCBAA /* TestModel.xcdatamodel */ = {isa = PBXFileReference; lastKnownFileType = wrapper.xcdatamodel; path = TestModel.xcdatamodel; sourceTree = "<group>"; };
/* End PBXFileReference section */

/* Begin PBXFrameworksBuildPhase section */
		071408421E7FF504004318C9 /* Frameworks */ = {
			isa = PBXFrameworksBuildPhase;
			buildActionMask = 2147483647;
			files = (
				07F2F4981FB049700064559C /* FFFoundation.framework in Frameworks */,
			);
			runOnlyForDeploymentPostprocessing = 0;
		};
		0714084B1E7FF504004318C9 /* Frameworks */ = {
			isa = PBXFrameworksBuildPhase;
			buildActionMask = 2147483647;
			files = (
				0714084F1E7FF504004318C9 /* FFCoreData.framework in Frameworks */,
			);
			runOnlyForDeploymentPostprocessing = 0;
		};
/* End PBXFrameworksBuildPhase section */

/* Begin PBXGroup section */
		0762C94D207BA68700F9F0A8 /* ManagedObjectContext Observer */ = {
			isa = PBXGroup;
			children = (
				0700917822D36E2700666C08 /* MOCBlockObservers.swift */,
				0700917A22D373A500666C08 /* MOCChangePublisher.swift */,
				0762C950207BA68700F9F0A8 /* MOCEntitiesFilter.swift */,
				0762C94F207BA68700F9F0A8 /* MOCObjectsObserver.swift */,
				0762C94E207BA68700F9F0A8 /* MOCObserver.swift */,
			);
			path = "ManagedObjectContext Observer";
			sourceTree = "<group>";
		};
		0762C954207BA6EC00F9F0A8 /* CoreDataManager */ = {
			isa = PBXGroup;
			children = (
				0762C955207BA6EC00F9F0A8 /* CoreDataManager.swift */,
			);
			path = CoreDataManager;
			sourceTree = "<group>";
		};
		0762C956207BA6EC00F9F0A8 /* NSFetchedResultsController */ = {
			isa = PBXGroup;
			children = (
				0762C957207BA6EC00F9F0A8 /* FetchedResulsControllerDelegate.swift */,
				0700918022D4676E00666C08 /* NSFetchedResultsPublisher.swift */,
			);
			path = NSFetchedResultsController;
			sourceTree = "<group>";
		};
		0762C958207BA6EC00F9F0A8 /* UIKit */ = {
			isa = PBXGroup;
			children = (
				0762C959207BA6EC00F9F0A8 /* DataSources */,
				0762C95C207BA6EC00F9F0A8 /* Delegates */,
			);
			path = UIKit;
			sourceTree = "<group>";
		};
		0762C959207BA6EC00F9F0A8 /* DataSources */ = {
			isa = PBXGroup;
			children = (
				0762C95A207BA6EC00F9F0A8 /* CollectionViewDataSource.swift */,
				0762C95B207BA6EC00F9F0A8 /* TableViewDataSource.swift */,
			);
			path = DataSources;
			sourceTree = "<group>";
		};
		0762C95C207BA6EC00F9F0A8 /* Delegates */ = {
			isa = PBXGroup;
			children = (
				0762C95D207BA6EC00F9F0A8 /* CollectionViewFetchedResultsControllerDelegate.swift */,
				0762C95E207BA6EC00F9F0A8 /* TableViewFetchedResultsControllerDelegate.swift */,
				0762C95F207BA6EC00F9F0A8 /* UIKitFetchedResultsControllerDelegate.swift */,
			);
			path = Delegates;
			sourceTree = "<group>";
		};
		0762C960207BA6EC00F9F0A8 /* NSManagedObject */ = {
			isa = PBXGroup;
			children = (
				0762C961207BA6EC00F9F0A8 /* NSManagedObject+FindAndOrCreate.swift */,
				0762C962207BA6EC00F9F0A8 /* CoreDataDecodable.swift */,
			);
			path = NSManagedObject;
			sourceTree = "<group>";
		};
		07876A0C19D41E7000F21E7D = {
			isa = PBXGroup;
			children = (
				07876A1819D41E7000F21E7D /* FFCoreData */,
				07F82FDB1DAA7ADA00DBCBAA /* FFCoreData Tests */,
				07F2F4641FB03E5C0064559C /* Frameworks */,
				07876A1719D41E7000F21E7D /* Products */,
			);
			sourceTree = "<group>";
		};
		07876A1719D41E7000F21E7D /* Products */ = {
			isa = PBXGroup;
			children = (
				071408461E7FF504004318C9 /* FFCoreData.framework */,
				0714084E1E7FF504004318C9 /* FFCoreDataTests.xctest */,
			);
			name = Products;
			sourceTree = "<group>";
		};
		07876A1819D41E7000F21E7D /* FFCoreData */ = {
			isa = PBXGroup;
			children = (
				0762C954207BA6EC00F9F0A8 /* CoreDataManager */,
				0762C94D207BA68700F9F0A8 /* ManagedObjectContext Observer */,
				0762C956207BA6EC00F9F0A8 /* NSFetchedResultsController */,
				0762C960207BA6EC00F9F0A8 /* NSManagedObject */,
				0762C958207BA6EC00F9F0A8 /* UIKit */,
				077C040F20F8C4030074BEFA /* SwiftSupport.swift */,
				0747F31C210B53CF009BFDAD /* Logging.swift */,
				07876A1B19D41E7000F21E7D /* FFCoreData.h */,
				071408761E7FFEC0004318C9 /* Info.plist */,
			);
			path = FFCoreData;
			sourceTree = "<group>";
		};
		07F2F4641FB03E5C0064559C /* Frameworks */ = {
			isa = PBXGroup;
			children = (
				07F2F4991FB049700064559C /* FFFoundation.framework */,
			);
			name = Frameworks;
			sourceTree = "<group>";
		};
		07F82FDB1DAA7ADA00DBCBAA /* FFCoreData Tests */ = {
			isa = PBXGroup;
			children = (
				07F82FDC1DAA7ADA00DBCBAA /* FFCoreDataTests.swift */,
				07AE934620C1544100B3C983 /* CoreDataDecodableTests.swift */,
				07F82FDF1DAA7ADA00DBCBAA /* TestModel.xcdatamodeld */,
				07A0E41220C16F7600685192 /* TestConfiguration.swift */,
			);
			path = "FFCoreData Tests";
			sourceTree = "<group>";
		};
/* End PBXGroup section */

/* Begin PBXHeadersBuildPhase section */
		071408431E7FF504004318C9 /* Headers */ = {
			isa = PBXHeadersBuildPhase;
			buildActionMask = 2147483647;
			files = (
				071408771E8001C1004318C9 /* FFCoreData.h in Headers */,
			);
			runOnlyForDeploymentPostprocessing = 0;
		};
/* End PBXHeadersBuildPhase section */

/* Begin PBXNativeTarget section */
		071408451E7FF504004318C9 /* FFCoreData */ = {
			isa = PBXNativeTarget;
			buildConfigurationList = 071408571E7FF504004318C9 /* Build configuration list for PBXNativeTarget "FFCoreData" */;
			buildPhases = (
				071408411E7FF504004318C9 /* Sources */,
				071408421E7FF504004318C9 /* Frameworks */,
				071408431E7FF504004318C9 /* Headers */,
				071408441E7FF504004318C9 /* Resources */,
			);
			buildRules = (
			);
			dependencies = (
			);
			name = FFCoreData;
			productName = FFCoreData;
			productReference = 071408461E7FF504004318C9 /* FFCoreData.framework */;
			productType = "com.apple.product-type.framework";
		};
		0714084D1E7FF504004318C9 /* FFCoreDataTests */ = {
			isa = PBXNativeTarget;
			buildConfigurationList = 0714085A1E7FF504004318C9 /* Build configuration list for PBXNativeTarget "FFCoreDataTests" */;
			buildPhases = (
				0714084A1E7FF504004318C9 /* Sources */,
				0714084B1E7FF504004318C9 /* Frameworks */,
				0714084C1E7FF504004318C9 /* Resources */,
			);
			buildRules = (
			);
			dependencies = (
				071408511E7FF504004318C9 /* PBXTargetDependency */,
			);
			name = FFCoreDataTests;
			productName = FFCoreDataTests;
			productReference = 0714084E1E7FF504004318C9 /* FFCoreDataTests.xctest */;
			productType = "com.apple.product-type.bundle.unit-test";
		};
/* End PBXNativeTarget section */

/* Begin PBXProject section */
		07876A0D19D41E7000F21E7D /* Project object */ = {
			isa = PBXProject;
			attributes = {
				CLASSPREFIX = FF;
				LastSwiftUpdateCheck = 0820;
				LastUpgradeCheck = 1020;
				ORGANIZATIONNAME = "Florian Friedrich";
				TargetAttributes = {
					071408451E7FF504004318C9 = {
						CreatedOnToolsVersion = 8.2.1;
						ProvisioningStyle = Automatic;
					};
					0714084D1E7FF504004318C9 = {
						CreatedOnToolsVersion = 8.2.1;
						ProvisioningStyle = Automatic;
					};
				};
			};
			buildConfigurationList = 07876A1019D41E7000F21E7D /* Build configuration list for PBXProject "FFCoreData" */;
			compatibilityVersion = "Xcode 9.3";
			developmentRegion = en;
			hasScannedForEncodings = 0;
			knownRegions = (
				en,
				Base,
			);
			mainGroup = 07876A0C19D41E7000F21E7D;
			productRefGroup = 07876A1719D41E7000F21E7D /* Products */;
			projectDirPath = "";
			projectRoot = "";
			targets = (
				071408451E7FF504004318C9 /* FFCoreData */,
				0714084D1E7FF504004318C9 /* FFCoreDataTests */,
			);
		};
/* End PBXProject section */

/* Begin PBXResourcesBuildPhase section */
		071408441E7FF504004318C9 /* Resources */ = {
			isa = PBXResourcesBuildPhase;
			buildActionMask = 2147483647;
			files = (
			);
			runOnlyForDeploymentPostprocessing = 0;
		};
		0714084C1E7FF504004318C9 /* Resources */ = {
			isa = PBXResourcesBuildPhase;
			buildActionMask = 2147483647;
			files = (
			);
			runOnlyForDeploymentPostprocessing = 0;
		};
/* End PBXResourcesBuildPhase section */

/* Begin PBXSourcesBuildPhase section */
		071408411E7FF504004318C9 /* Sources */ = {
			isa = PBXSourcesBuildPhase;
			buildActionMask = 2147483647;
			files = (
				0762C951207BA68700F9F0A8 /* MOCObserver.swift in Sources */,
				0762C965207BA6EC00F9F0A8 /* CollectionViewDataSource.swift in Sources */,
				0762C967207BA6EC00F9F0A8 /* CollectionViewFetchedResultsControllerDelegate.swift in Sources */,
				0747F31D210B53CF009BFDAD /* Logging.swift in Sources */,
				0762C96A207BA6EC00F9F0A8 /* NSManagedObject+FindAndOrCreate.swift in Sources */,
				0762C96B207BA6EC00F9F0A8 /* CoreDataDecodable.swift in Sources */,
				0700917B22D373A500666C08 /* MOCChangePublisher.swift in Sources */,
				0762C952207BA68700F9F0A8 /* MOCObjectsObserver.swift in Sources */,
				0762C968207BA6EC00F9F0A8 /* TableViewFetchedResultsControllerDelegate.swift in Sources */,
				0700917922D36E2700666C08 /* MOCBlockObservers.swift in Sources */,
				0762C963207BA6EC00F9F0A8 /* CoreDataManager.swift in Sources */,
				0762C969207BA6EC00F9F0A8 /* UIKitFetchedResultsControllerDelegate.swift in Sources */,
				077C041020F8C4030074BEFA /* SwiftSupport.swift in Sources */,
				0762C953207BA68700F9F0A8 /* MOCEntitiesFilter.swift in Sources */,
				0762C966207BA6EC00F9F0A8 /* TableViewDataSource.swift in Sources */,
				0700918122D4676E00666C08 /* NSFetchedResultsPublisher.swift in Sources */,
				0762C964207BA6EC00F9F0A8 /* FetchedResulsControllerDelegate.swift in Sources */,
			);
			runOnlyForDeploymentPostprocessing = 0;
		};
		0714084A1E7FF504004318C9 /* Sources */ = {
			isa = PBXSourcesBuildPhase;
			buildActionMask = 2147483647;
			files = (
				07AE934820C1545D00B3C983 /* CoreDataDecodableTests.swift in Sources */,
				071408751E7FFDE4004318C9 /* TestModel.xcdatamodeld in Sources */,
				07A0E41420C16F8100685192 /* TestConfiguration.swift in Sources */,
				071408721E7FFDD8004318C9 /* FFCoreDataTests.swift in Sources */,
			);
			runOnlyForDeploymentPostprocessing = 0;
		};
/* End PBXSourcesBuildPhase section */

/* Begin PBXTargetDependency section */
		071408511E7FF504004318C9 /* PBXTargetDependency */ = {
			isa = PBXTargetDependency;
			target = 071408451E7FF504004318C9 /* FFCoreData */;
			targetProxy = 071408501E7FF504004318C9 /* PBXContainerItemProxy */;
		};
/* End PBXTargetDependency section */

/* Begin XCBuildConfiguration section */
		071408581E7FF504004318C9 /* Debug */ = {
			isa = XCBuildConfiguration;
			buildSettings = {
				APPLICATION_EXTENSION_API_ONLY = YES;
				CLANG_ANALYZER_NONNULL = YES;
				CLANG_WARN_DOCUMENTATION_COMMENTS = YES;
				CODE_SIGN_IDENTITY = "";
				"CODE_SIGN_IDENTITY[sdk=iphoneos*]" = "";
				DEBUG_INFORMATION_FORMAT = dwarf;
				DEFINES_MODULE = YES;
				DYLIB_COMPATIBILITY_VERSION = 1;
				DYLIB_CURRENT_VERSION = 1;
				DYLIB_INSTALL_NAME_BASE = "@rpath";
				INFOPLIST_FILE = FFCoreData/Info.plist;
				INSTALL_PATH = "$(LOCAL_LIBRARY_DIR)/Frameworks";
				LD_RUNPATH_SEARCH_PATHS = (
					"$(inherited)",
					"@executable_path/Frameworks",
					"@loader_path/Frameworks",
				);
				PRODUCT_BUNDLE_IDENTIFIER = net.ffried.FFCoreData;
				PRODUCT_NAME = "$(TARGET_NAME)";
				SDKROOT = iphoneos;
				SKIP_INSTALL = YES;
				SWIFT_ACTIVE_COMPILATION_CONDITIONS = DEBUG;
				SWIFT_COMPILATION_MODE = singlefile;
				SWIFT_OPTIMIZATION_LEVEL = "-Onone";
			};
			name = Debug;
		};
		071408591E7FF504004318C9 /* Release */ = {
			isa = XCBuildConfiguration;
			buildSettings = {
				APPLICATION_EXTENSION_API_ONLY = YES;
				CLANG_ANALYZER_NONNULL = YES;
				CLANG_WARN_DOCUMENTATION_COMMENTS = YES;
				CODE_SIGN_IDENTITY = "";
				"CODE_SIGN_IDENTITY[sdk=iphoneos*]" = "";
				DEBUG_INFORMATION_FORMAT = "dwarf-with-dsym";
				DEFINES_MODULE = YES;
				DYLIB_COMPATIBILITY_VERSION = 1;
				DYLIB_CURRENT_VERSION = 1;
				DYLIB_INSTALL_NAME_BASE = "@rpath";
				INFOPLIST_FILE = FFCoreData/Info.plist;
				INSTALL_PATH = "$(LOCAL_LIBRARY_DIR)/Frameworks";
				LD_RUNPATH_SEARCH_PATHS = (
					"$(inherited)",
					"@executable_path/Frameworks",
					"@loader_path/Frameworks",
				);
				PRODUCT_BUNDLE_IDENTIFIER = net.ffried.FFCoreData;
				PRODUCT_NAME = "$(TARGET_NAME)";
				SDKROOT = iphoneos;
				SKIP_INSTALL = YES;
			};
			name = Release;
		};
		0714085B1E7FF504004318C9 /* Debug */ = {
			isa = XCBuildConfiguration;
			buildSettings = {
				ALWAYS_EMBED_SWIFT_STANDARD_LIBRARIES = YES;
				CLANG_ANALYZER_NONNULL = YES;
				CLANG_WARN_DOCUMENTATION_COMMENTS = YES;
				CODE_SIGN_IDENTITY = "Mac Developer";
				"CODE_SIGN_IDENTITY[sdk=*]" = "iPhone Developer";
				"CODE_SIGN_IDENTITY[sdk=macosx*]" = "";
				DEBUG_INFORMATION_FORMAT = dwarf;
				INFOPLIST_FILE = "FFCoreData Tests/Info.plist";
				LD_RUNPATH_SEARCH_PATHS = (
					"$(inherited)",
					"@executable_path/Frameworks",
					"@loader_path/Frameworks",
				);
				PRODUCT_BUNDLE_IDENTIFIER = net.ffried.FFCoreDataTests;
				PRODUCT_NAME = "$(TARGET_NAME)";
				SDKROOT = iphoneos;
				SWIFT_ACTIVE_COMPILATION_CONDITIONS = DEBUG;
				SWIFT_COMPILATION_MODE = singlefile;
				SWIFT_OPTIMIZATION_LEVEL = "-Onone";
			};
			name = Debug;
		};
		0714085C1E7FF504004318C9 /* Release */ = {
			isa = XCBuildConfiguration;
			buildSettings = {
				ALWAYS_EMBED_SWIFT_STANDARD_LIBRARIES = YES;
				CLANG_ANALYZER_NONNULL = YES;
				CLANG_WARN_DOCUMENTATION_COMMENTS = YES;
				CODE_SIGN_IDENTITY = "Mac Developer";
				"CODE_SIGN_IDENTITY[sdk=*]" = "iPhone Distribution";
				"CODE_SIGN_IDENTITY[sdk=macosx*]" = "";
				DEBUG_INFORMATION_FORMAT = "dwarf-with-dsym";
				INFOPLIST_FILE = "FFCoreData Tests/Info.plist";
				LD_RUNPATH_SEARCH_PATHS = (
					"$(inherited)",
					"@executable_path/Frameworks",
					"@loader_path/Frameworks",
				);
				PRODUCT_BUNDLE_IDENTIFIER = net.ffried.FFCoreDataTests;
				PRODUCT_NAME = "$(TARGET_NAME)";
				SDKROOT = iphoneos;
			};
			name = Release;
		};
		07876A2719D41E7000F21E7D /* Debug */ = {
			isa = XCBuildConfiguration;
			buildSettings = {
				ALWAYS_SEARCH_USER_PATHS = NO;
				CLANG_ANALYZER_LOCALIZABILITY_NONLOCALIZED = YES;
				CLANG_ENABLE_MODULES = YES;
				CLANG_ENABLE_OBJC_ARC = YES;
				CLANG_WARN_BLOCK_CAPTURE_AUTORELEASING = YES;
				CLANG_WARN_BOOL_CONVERSION = YES;
				CLANG_WARN_COMMA = YES;
				CLANG_WARN_CONSTANT_CONVERSION = YES;
				CLANG_WARN_DEPRECATED_OBJC_IMPLEMENTATIONS = YES;
				CLANG_WARN_DIRECT_OBJC_ISA_USAGE = YES_ERROR;
				CLANG_WARN_EMPTY_BODY = YES;
				CLANG_WARN_ENUM_CONVERSION = YES;
				CLANG_WARN_INFINITE_RECURSION = YES;
				CLANG_WARN_INT_CONVERSION = YES;
				CLANG_WARN_NON_LITERAL_NULL_CONVERSION = YES;
				CLANG_WARN_OBJC_IMPLICIT_RETAIN_SELF = YES;
				CLANG_WARN_OBJC_LITERAL_CONVERSION = YES;
				CLANG_WARN_OBJC_ROOT_CLASS = YES_ERROR;
				CLANG_WARN_RANGE_LOOP_ANALYSIS = YES;
				CLANG_WARN_STRICT_PROTOTYPES = YES;
				CLANG_WARN_SUSPICIOUS_MOVE = YES;
				CLANG_WARN_UNREACHABLE_CODE = YES;
				CLANG_WARN__DUPLICATE_METHOD_MATCH = YES;
				CODE_SIGN_IDENTITY = "iPhone Developer";
				COPY_PHASE_STRIP = NO;
				CURRENT_PROJECT_VERSION = 1;
				ENABLE_STRICT_OBJC_MSGSEND = YES;
				ENABLE_TESTABILITY = YES;
				GCC_DYNAMIC_NO_PIC = NO;
				GCC_NO_COMMON_BLOCKS = YES;
				GCC_OPTIMIZATION_LEVEL = 0;
				GCC_PREPROCESSOR_DEFINITIONS = (
					"DEBUG=1",
					"$(inherited)",
				);
				GCC_WARN_64_TO_32_BIT_CONVERSION = YES;
				GCC_WARN_ABOUT_RETURN_TYPE = YES_ERROR;
				GCC_WARN_UNDECLARED_SELECTOR = YES;
				GCC_WARN_UNINITIALIZED_AUTOS = YES_AGGRESSIVE;
				GCC_WARN_UNUSED_FUNCTION = YES;
				GCC_WARN_UNUSED_VARIABLE = YES;
				IPHONEOS_DEPLOYMENT_TARGET = 10.0;
				LD_RUNPATH_SEARCH_PATHS = (
					"$(inherited)",
					"@executable_path/Frameworks",
					"@loader_path/Frameworks",
				);
				"LD_RUNPATH_SEARCH_PATHS[sdk=macosx*]" = (
					"$(inherited)",
					"@loader_path/../Frameworks",
				);
				MACOSX_DEPLOYMENT_TARGET = 10.12;
				MTL_ENABLE_DEBUG_INFO = YES;
				ONLY_ACTIVE_ARCH = YES;
				PRODUCT_NAME = "$(FRAMEWORK_NAME)";
				SUPPORTED_PLATFORMS = "macosx iphoneos iphonesimulator appletvos appletvsimulator watchos watchsimulator";
				SWIFT_VERSION = 5.0;
				TARGETED_DEVICE_FAMILY = "1,2";
				TVOS_DEPLOYMENT_TARGET = 10.0;
				VERSIONING_SYSTEM = "apple-generic";
				VERSION_INFO_PREFIX = "";
				WATCHOS_DEPLOYMENT_TARGET = 3.0;
			};
			name = Debug;
		};
		07876A2819D41E7000F21E7D /* Release */ = {
			isa = XCBuildConfiguration;
			buildSettings = {
				ALWAYS_SEARCH_USER_PATHS = NO;
				CLANG_ANALYZER_LOCALIZABILITY_NONLOCALIZED = YES;
				CLANG_ENABLE_MODULES = YES;
				CLANG_ENABLE_OBJC_ARC = YES;
				CLANG_WARN_BLOCK_CAPTURE_AUTORELEASING = YES;
				CLANG_WARN_BOOL_CONVERSION = YES;
				CLANG_WARN_COMMA = YES;
				CLANG_WARN_CONSTANT_CONVERSION = YES;
				CLANG_WARN_DEPRECATED_OBJC_IMPLEMENTATIONS = YES;
				CLANG_WARN_DIRECT_OBJC_ISA_USAGE = YES_ERROR;
				CLANG_WARN_EMPTY_BODY = YES;
				CLANG_WARN_ENUM_CONVERSION = YES;
				CLANG_WARN_INFINITE_RECURSION = YES;
				CLANG_WARN_INT_CONVERSION = YES;
				CLANG_WARN_NON_LITERAL_NULL_CONVERSION = YES;
				CLANG_WARN_OBJC_IMPLICIT_RETAIN_SELF = YES;
				CLANG_WARN_OBJC_LITERAL_CONVERSION = YES;
				CLANG_WARN_OBJC_ROOT_CLASS = YES_ERROR;
				CLANG_WARN_RANGE_LOOP_ANALYSIS = YES;
				CLANG_WARN_STRICT_PROTOTYPES = YES;
				CLANG_WARN_SUSPICIOUS_MOVE = YES;
				CLANG_WARN_UNREACHABLE_CODE = YES;
				CLANG_WARN__DUPLICATE_METHOD_MATCH = YES;
				CODE_SIGN_IDENTITY = "iPhone Distribution";
				COPY_PHASE_STRIP = NO;
				CURRENT_PROJECT_VERSION = 1;
				ENABLE_NS_ASSERTIONS = NO;
				ENABLE_STRICT_OBJC_MSGSEND = YES;
				GCC_NO_COMMON_BLOCKS = YES;
				GCC_WARN_64_TO_32_BIT_CONVERSION = YES;
				GCC_WARN_ABOUT_RETURN_TYPE = YES_ERROR;
				GCC_WARN_UNDECLARED_SELECTOR = YES;
				GCC_WARN_UNINITIALIZED_AUTOS = YES_AGGRESSIVE;
				GCC_WARN_UNUSED_FUNCTION = YES;
				GCC_WARN_UNUSED_VARIABLE = YES;
				IPHONEOS_DEPLOYMENT_TARGET = 10.0;
				LD_RUNPATH_SEARCH_PATHS = (
					"$(inherited)",
					"@executable_path/Frameworks",
					"@loader_path/Frameworks",
				);
				"LD_RUNPATH_SEARCH_PATHS[sdk=macosx*]" = (
					"$(inherited)",
					"@loader_path/../Frameworks",
				);
				MACOSX_DEPLOYMENT_TARGET = 10.12;
				MTL_ENABLE_DEBUG_INFO = NO;
				PRODUCT_NAME = "$(FRAMEWORK_NAME)";
				SUPPORTED_PLATFORMS = "macosx iphoneos iphonesimulator appletvos appletvsimulator watchos watchsimulator";
				SWIFT_COMPILATION_MODE = wholemodule;
				SWIFT_OPTIMIZATION_LEVEL = "-O";
				SWIFT_VERSION = 5.0;
				TARGETED_DEVICE_FAMILY = "1,2";
				TVOS_DEPLOYMENT_TARGET = 10.0;
				VALIDATE_PRODUCT = YES;
				VERSIONING_SYSTEM = "apple-generic";
				VERSION_INFO_PREFIX = "";
				WATCHOS_DEPLOYMENT_TARGET = 3.0;
			};
			name = Release;
		};
/* End XCBuildConfiguration section */

/* Begin XCConfigurationList section */
		071408571E7FF504004318C9 /* Build configuration list for PBXNativeTarget "FFCoreData" */ = {
			isa = XCConfigurationList;
			buildConfigurations = (
				071408581E7FF504004318C9 /* Debug */,
				071408591E7FF504004318C9 /* Release */,
			);
			defaultConfigurationIsVisible = 0;
			defaultConfigurationName = Release;
		};
		0714085A1E7FF504004318C9 /* Build configuration list for PBXNativeTarget "FFCoreDataTests" */ = {
			isa = XCConfigurationList;
			buildConfigurations = (
				0714085B1E7FF504004318C9 /* Debug */,
				0714085C1E7FF504004318C9 /* Release */,
			);
			defaultConfigurationIsVisible = 0;
			defaultConfigurationName = Release;
		};
		07876A1019D41E7000F21E7D /* Build configuration list for PBXProject "FFCoreData" */ = {
			isa = XCConfigurationList;
			buildConfigurations = (
				07876A2719D41E7000F21E7D /* Debug */,
				07876A2819D41E7000F21E7D /* Release */,
			);
			defaultConfigurationIsVisible = 0;
			defaultConfigurationName = Release;
		};
/* End XCConfigurationList section */

/* Begin XCVersionGroup section */
		07F82FDF1DAA7ADA00DBCBAA /* TestModel.xcdatamodeld */ = {
			isa = XCVersionGroup;
			children = (
				07F82FE01DAA7ADA00DBCBAA /* TestModel.xcdatamodel */,
			);
			currentVersion = 07F82FE01DAA7ADA00DBCBAA /* TestModel.xcdatamodel */;
			path = TestModel.xcdatamodeld;
			sourceTree = "<group>";
			versionGroupType = wrapper.xcdatamodel;
		};
/* End XCVersionGroup section */
	};
	rootObject = 07876A0D19D41E7000F21E7D /* Project object */;
}
